// !$*UTF8*$!
{
	archiveVersion = 1;
	classes = {
	};
	objectVersion = 56;
	objects = {

/* Begin PBXBuildFile section */
		84AE3E0D9F3FE7FE6003CC00 /* Pods_INewsNowTests.framework in Frameworks */ = {isa = PBXBuildFile; fileRef = 564BF426FEF134C344685B10 /* Pods_INewsNowTests.framework */; };
		A366369612B970BA428B9295 /* Pods_INewsNow.framework in Frameworks */ = {isa = PBXBuildFile; fileRef = 6CA01AE9D274CAA12FEC1AEF /* Pods_INewsNow.framework */; };
		C2C8BB1F7C8B321986B2B132 /* Pods_INewsNow_INewsNowUITests.framework in Frameworks */ = {isa = PBXBuildFile; fileRef = D84635CC8FDFE4B3720C182E /* Pods_INewsNow_INewsNowUITests.framework */; };
		CE1A3A922B6D394A000C0559 /* ViewProtocol.swift in Sources */ = {isa = PBXBuildFile; fileRef = CE1A3A912B6D394A000C0559 /* ViewProtocol.swift */; };
		CE1A3A962B6D7816000C0559 /* CustomMostPopularPostsTableViewCell.swift in Sources */ = {isa = PBXBuildFile; fileRef = CE1A3A952B6D7816000C0559 /* CustomMostPopularPostsTableViewCell.swift */; };
		CE1A3A982B6D7978000C0559 /* CustomMostPopularPostsCell.swift in Sources */ = {isa = PBXBuildFile; fileRef = CE1A3A972B6D7978000C0559 /* CustomMostPopularPostsCell.swift */; };
		CE1A3A9A2B6D7A01000C0559 /* CustomMainNewsCollectionViewCell.swift in Sources */ = {isa = PBXBuildFile; fileRef = CE1A3A992B6D7A01000C0559 /* CustomMainNewsCollectionViewCell.swift */; };
		CE1A3A9C2B6D7E7E000C0559 /* CustomMainNewsCell.swift in Sources */ = {isa = PBXBuildFile; fileRef = CE1A3A9B2B6D7E7E000C0559 /* CustomMainNewsCell.swift */; };
		CE4022A12B6E783C00FB727C /* NewYorkTimesService.swift in Sources */ = {isa = PBXBuildFile; fileRef = CE4022A02B6E783C00FB727C /* NewYorkTimesService.swift */; };
		CE4022A52B6E80D300FB727C /* MainNewsModel.swift in Sources */ = {isa = PBXBuildFile; fileRef = CE4022A42B6E80D300FB727C /* MainNewsModel.swift */; };
		CE4022A72B6E91DC00FB727C /* MostPopularNewsModel.swift in Sources */ = {isa = PBXBuildFile; fileRef = CE4022A62B6E91DC00FB727C /* MostPopularNewsModel.swift */; };
		CE4022A92B71600300FB727C /* WorldNewsViewModel.swift in Sources */ = {isa = PBXBuildFile; fileRef = CE4022A82B71600300FB727C /* WorldNewsViewModel.swift */; };
		CE4022AC2B7183C100FB727C /* Kingfisher in Frameworks */ = {isa = PBXBuildFile; productRef = CE4022AB2B7183C100FB727C /* Kingfisher */; };
		CE425FF12B863BB400A0BDA6 /* DateFormatter+Extension.swift in Sources */ = {isa = PBXBuildFile; fileRef = CE425FF02B863BB400A0BDA6 /* DateFormatter+Extension.swift */; };
		CE425FF72B8648FD00A0BDA6 /* CoreDataHelper.swift in Sources */ = {isa = PBXBuildFile; fileRef = CE425FF62B8648FD00A0BDA6 /* CoreDataHelper.swift */; };
		CE425FF92B86A38300A0BDA6 /* HomeCoordinator.swift in Sources */ = {isa = PBXBuildFile; fileRef = CE425FF82B86A38300A0BDA6 /* HomeCoordinator.swift */; };
		CE425FFC2B86D81400A0BDA6 /* DetailsNewsViewController.swift in Sources */ = {isa = PBXBuildFile; fileRef = CE425FFB2B86D81400A0BDA6 /* DetailsNewsViewController.swift */; };
		CE425FFE2B86D84000A0BDA6 /* DetailsNewsView.swift in Sources */ = {isa = PBXBuildFile; fileRef = CE425FFD2B86D84000A0BDA6 /* DetailsNewsView.swift */; };
		CE4BC9912B6A898300409725 /* AppDelegate.swift in Sources */ = {isa = PBXBuildFile; fileRef = CE4BC9902B6A898300409725 /* AppDelegate.swift */; };
		CE4BC9932B6A898300409725 /* SceneDelegate.swift in Sources */ = {isa = PBXBuildFile; fileRef = CE4BC9922B6A898300409725 /* SceneDelegate.swift */; };
		CE4BC9952B6A898300409725 /* WorldNewsViewController.swift in Sources */ = {isa = PBXBuildFile; fileRef = CE4BC9942B6A898300409725 /* WorldNewsViewController.swift */; };
		CE4BC99A2B6A898800409725 /* Assets.xcassets in Resources */ = {isa = PBXBuildFile; fileRef = CE4BC9992B6A898800409725 /* Assets.xcassets */; };
		CE4BC99D2B6A898800409725 /* LaunchScreen.storyboard in Resources */ = {isa = PBXBuildFile; fileRef = CE4BC99B2B6A898800409725 /* LaunchScreen.storyboard */; };
		CE4BC9A82B6A898900409725 /* INewsNowTests.swift in Sources */ = {isa = PBXBuildFile; fileRef = CE4BC9A72B6A898900409725 /* INewsNowTests.swift */; };
		CE4BC9B22B6A898900409725 /* INewsNowUITests.swift in Sources */ = {isa = PBXBuildFile; fileRef = CE4BC9B12B6A898900409725 /* INewsNowUITests.swift */; };
		CE4BC9B42B6A898900409725 /* INewsNowUITestsLaunchTests.swift in Sources */ = {isa = PBXBuildFile; fileRef = CE4BC9B32B6A898900409725 /* INewsNowUITestsLaunchTests.swift */; };
		CE4BC9C42B6A8B3800409725 /* WorldNewsFactory.swift in Sources */ = {isa = PBXBuildFile; fileRef = CE4BC9C32B6A8B3800409725 /* WorldNewsFactory.swift */; };
		CE4BC9C62B6A8D0100409725 /* WorldNewsView.swift in Sources */ = {isa = PBXBuildFile; fileRef = CE4BC9C52B6A8D0100409725 /* WorldNewsView.swift */; };
		CE4E9FFE2B7FB8A600B57802 /* FavoriteNewsViewController.swift in Sources */ = {isa = PBXBuildFile; fileRef = CE4E9FFD2B7FB8A600B57802 /* FavoriteNewsViewController.swift */; };
		CE4EA0002B7FB8B100B57802 /* FavoriteNewsView.swift in Sources */ = {isa = PBXBuildFile; fileRef = CE4E9FFF2B7FB8B100B57802 /* FavoriteNewsView.swift */; };
		CE4EA0022B7FBE4300B57802 /* FavoriteNewsFactory.swift in Sources */ = {isa = PBXBuildFile; fileRef = CE4EA0012B7FBE4300B57802 /* FavoriteNewsFactory.swift */; };
		CE4EA0042B7FBE5300B57802 /* FavoriteNewsCoordinator.swift in Sources */ = {isa = PBXBuildFile; fileRef = CE4EA0032B7FBE5300B57802 /* FavoriteNewsCoordinator.swift */; };
		CE4EA0072B7FC04800B57802 /* CustomFavoriteNewsTableViewCell.swift in Sources */ = {isa = PBXBuildFile; fileRef = CE4EA0062B7FC04800B57802 /* CustomFavoriteNewsTableViewCell.swift */; };
		CE4EA0092B7FC06C00B57802 /* CustomFavoriteNewsCell.swift in Sources */ = {isa = PBXBuildFile; fileRef = CE4EA0082B7FC06C00B57802 /* CustomFavoriteNewsCell.swift */; };
		CE4EA00D2B7FC13D00B57802 /* Color+Extension.swift in Sources */ = {isa = PBXBuildFile; fileRef = CE4EA00C2B7FC13D00B57802 /* Color+Extension.swift */; };
		CE5751202B83710000A34621 /* INewsNowDB.xcdatamodeld in Sources */ = {isa = PBXBuildFile; fileRef = CE57511E2B83710000A34621 /* INewsNowDB.xcdatamodeld */; };
		CE57514B2B84130400A34621 /* FiatAndCryptocurrenciesViewController.swift in Sources */ = {isa = PBXBuildFile; fileRef = CE57514A2B84130400A34621 /* FiatAndCryptocurrenciesViewController.swift */; };
		CE57514D2B84131400A34621 /* FiatAndCryptocurrenciesView.swift in Sources */ = {isa = PBXBuildFile; fileRef = CE57514C2B84131400A34621 /* FiatAndCryptocurrenciesView.swift */; };
		CE5751502B8529CF00A34621 /* HomeViewController.swift in Sources */ = {isa = PBXBuildFile; fileRef = CE57514F2B8529CF00A34621 /* HomeViewController.swift */; };
		CE5751522B8529DF00A34621 /* HomeView.swift in Sources */ = {isa = PBXBuildFile; fileRef = CE5751512B8529DF00A34621 /* HomeView.swift */; };
		CE5751552B852B5A00A34621 /* CustomNewsBrazilTableViewCell.swift in Sources */ = {isa = PBXBuildFile; fileRef = CE5751542B852B5A00A34621 /* CustomNewsBrazilTableViewCell.swift */; };
		CE5751572B852B6A00A34621 /* CustomNewsBrazilCell.swift in Sources */ = {isa = PBXBuildFile; fileRef = CE5751562B852B6A00A34621 /* CustomNewsBrazilCell.swift */; };
		CE5751592B85591E00A34621 /* NewsBrazilDataIOService.swift in Sources */ = {isa = PBXBuildFile; fileRef = CE5751582B85591E00A34621 /* NewsBrazilDataIOService.swift */; };
		CE57515B2B855AE800A34621 /* NewsBrazilModel.swift in Sources */ = {isa = PBXBuildFile; fileRef = CE57515A2B855AE800A34621 /* NewsBrazilModel.swift */; };
		CE57515D2B85728F00A34621 /* HomeViewModel.swift in Sources */ = {isa = PBXBuildFile; fileRef = CE57515C2B85728F00A34621 /* HomeViewModel.swift */; };
		CE57515F2B85734A00A34621 /* HomeFactory.swift in Sources */ = {isa = PBXBuildFile; fileRef = CE57515E2B85734A00A34621 /* HomeFactory.swift */; };
		CE5A49312B878AC0006D0702 /* DetailsNewsFactory.swift in Sources */ = {isa = PBXBuildFile; fileRef = CE5A49302B878AC0006D0702 /* DetailsNewsFactory.swift */; };
		CE5A49332B879598006D0702 /* DetailsNewsViewModel.swift in Sources */ = {isa = PBXBuildFile; fileRef = CE5A49322B879598006D0702 /* DetailsNewsViewModel.swift */; };
		CE5A49352B87C145006D0702 /* FavoriteNewsViewModel.swift in Sources */ = {isa = PBXBuildFile; fileRef = CE5A49342B87C145006D0702 /* FavoriteNewsViewModel.swift */; };
		CE86C22B2B920CD100921390 /* WeatherViewController.swift in Sources */ = {isa = PBXBuildFile; fileRef = CE86C22A2B920CD100921390 /* WeatherViewController.swift */; };
		CE86C22D2B920CDE00921390 /* WeatherFactory.swift in Sources */ = {isa = PBXBuildFile; fileRef = CE86C22C2B920CDE00921390 /* WeatherFactory.swift */; };
		CE86C22F2B920CF200921390 /* WeatherView.swift in Sources */ = {isa = PBXBuildFile; fileRef = CE86C22E2B920CF200921390 /* WeatherView.swift */; };
		CE86C2332B922DC700921390 /* DailyForecastTableViewCell.swift in Sources */ = {isa = PBXBuildFile; fileRef = CE86C2322B922DC700921390 /* DailyForecastTableViewCell.swift */; };
		CE86C2352B92301A00921390 /* DailyForecastCellView.swift in Sources */ = {isa = PBXBuildFile; fileRef = CE86C2342B92301A00921390 /* DailyForecastCellView.swift */; };
		CE86C23B2B924C1200921390 /* WeatherViewModel.swift in Sources */ = {isa = PBXBuildFile; fileRef = CE86C23A2B924C1200921390 /* WeatherViewModel.swift */; };
		CE86C23D2B924E7400921390 /* ForecastResponseModel.swift in Sources */ = {isa = PBXBuildFile; fileRef = CE86C23C2B924E7400921390 /* ForecastResponseModel.swift */; };
		CE86C23F2B92506600921390 /* WeatherService.swift in Sources */ = {isa = PBXBuildFile; fileRef = CE86C23E2B92506600921390 /* WeatherService.swift */; };
		CE86C2442B96255A00921390 /* Double+Extension.swift in Sources */ = {isa = PBXBuildFile; fileRef = CE86C2432B96255A00921390 /* Double+Extension.swift */; };
		CED431022B7670ED005BE203 /* TabBarController.swift in Sources */ = {isa = PBXBuildFile; fileRef = CED431012B7670ED005BE203 /* TabBarController.swift */; };
		CED431042B7673B7005BE203 /* TabBarCoordinator.swift in Sources */ = {isa = PBXBuildFile; fileRef = CED431032B7673B7005BE203 /* TabBarCoordinator.swift */; };
		CED431062B7675CB005BE203 /* WorldNewsCoordinator.swift in Sources */ = {isa = PBXBuildFile; fileRef = CED431052B7675CB005BE203 /* WorldNewsCoordinator.swift */; };
		CED431082B76BBAA005BE203 /* TabBarFactory.swift in Sources */ = {isa = PBXBuildFile; fileRef = CED431072B76BBAA005BE203 /* TabBarFactory.swift */; };
/* End PBXBuildFile section */

/* Begin PBXContainerItemProxy section */
		CE4BC9A42B6A898900409725 /* PBXContainerItemProxy */ = {
			isa = PBXContainerItemProxy;
			containerPortal = CE4BC9852B6A898300409725 /* Project object */;
			proxyType = 1;
			remoteGlobalIDString = CE4BC98C2B6A898300409725;
			remoteInfo = INewsNow;
		};
		CE4BC9AE2B6A898900409725 /* PBXContainerItemProxy */ = {
			isa = PBXContainerItemProxy;
			containerPortal = CE4BC9852B6A898300409725 /* Project object */;
			proxyType = 1;
			remoteGlobalIDString = CE4BC98C2B6A898300409725;
			remoteInfo = INewsNow;
		};
/* End PBXContainerItemProxy section */

/* Begin PBXFileReference section */
		0E40249D8A7F234B14FF1837 /* Pods-INewsNowTests.debug.xcconfig */ = {isa = PBXFileReference; includeInIndex = 1; lastKnownFileType = text.xcconfig; name = "Pods-INewsNowTests.debug.xcconfig"; path = "Target Support Files/Pods-INewsNowTests/Pods-INewsNowTests.debug.xcconfig"; sourceTree = "<group>"; };
		4D5AC8204A8B1C1BE2C0C780 /* Pods-INewsNow.release.xcconfig */ = {isa = PBXFileReference; includeInIndex = 1; lastKnownFileType = text.xcconfig; name = "Pods-INewsNow.release.xcconfig"; path = "Target Support Files/Pods-INewsNow/Pods-INewsNow.release.xcconfig"; sourceTree = "<group>"; };
		564BF426FEF134C344685B10 /* Pods_INewsNowTests.framework */ = {isa = PBXFileReference; explicitFileType = wrapper.framework; includeInIndex = 0; path = Pods_INewsNowTests.framework; sourceTree = BUILT_PRODUCTS_DIR; };
		6CA01AE9D274CAA12FEC1AEF /* Pods_INewsNow.framework */ = {isa = PBXFileReference; explicitFileType = wrapper.framework; includeInIndex = 0; path = Pods_INewsNow.framework; sourceTree = BUILT_PRODUCTS_DIR; };
		9E3D1886F78EAE13873FA27B /* Pods-INewsNowTests.release.xcconfig */ = {isa = PBXFileReference; includeInIndex = 1; lastKnownFileType = text.xcconfig; name = "Pods-INewsNowTests.release.xcconfig"; path = "Target Support Files/Pods-INewsNowTests/Pods-INewsNowTests.release.xcconfig"; sourceTree = "<group>"; };
		B3F12EBADC079755BA7E156A /* Pods-INewsNow.debug.xcconfig */ = {isa = PBXFileReference; includeInIndex = 1; lastKnownFileType = text.xcconfig; name = "Pods-INewsNow.debug.xcconfig"; path = "Target Support Files/Pods-INewsNow/Pods-INewsNow.debug.xcconfig"; sourceTree = "<group>"; };
		C7EAFC48D4839E6B3522DE28 /* Pods-INewsNow-INewsNowUITests.debug.xcconfig */ = {isa = PBXFileReference; includeInIndex = 1; lastKnownFileType = text.xcconfig; name = "Pods-INewsNow-INewsNowUITests.debug.xcconfig"; path = "Target Support Files/Pods-INewsNow-INewsNowUITests/Pods-INewsNow-INewsNowUITests.debug.xcconfig"; sourceTree = "<group>"; };
		CE1A3A912B6D394A000C0559 /* ViewProtocol.swift */ = {isa = PBXFileReference; lastKnownFileType = sourcecode.swift; path = ViewProtocol.swift; sourceTree = "<group>"; };
		CE1A3A952B6D7816000C0559 /* CustomMostPopularPostsTableViewCell.swift */ = {isa = PBXFileReference; lastKnownFileType = sourcecode.swift; path = CustomMostPopularPostsTableViewCell.swift; sourceTree = "<group>"; };
		CE1A3A972B6D7978000C0559 /* CustomMostPopularPostsCell.swift */ = {isa = PBXFileReference; lastKnownFileType = sourcecode.swift; path = CustomMostPopularPostsCell.swift; sourceTree = "<group>"; };
		CE1A3A992B6D7A01000C0559 /* CustomMainNewsCollectionViewCell.swift */ = {isa = PBXFileReference; lastKnownFileType = sourcecode.swift; path = CustomMainNewsCollectionViewCell.swift; sourceTree = "<group>"; };
		CE1A3A9B2B6D7E7E000C0559 /* CustomMainNewsCell.swift */ = {isa = PBXFileReference; lastKnownFileType = sourcecode.swift; path = CustomMainNewsCell.swift; sourceTree = "<group>"; };
		CE4022A02B6E783C00FB727C /* NewYorkTimesService.swift */ = {isa = PBXFileReference; lastKnownFileType = sourcecode.swift; path = NewYorkTimesService.swift; sourceTree = "<group>"; };
		CE4022A42B6E80D300FB727C /* MainNewsModel.swift */ = {isa = PBXFileReference; lastKnownFileType = sourcecode.swift; path = MainNewsModel.swift; sourceTree = "<group>"; };
		CE4022A62B6E91DC00FB727C /* MostPopularNewsModel.swift */ = {isa = PBXFileReference; lastKnownFileType = sourcecode.swift; path = MostPopularNewsModel.swift; sourceTree = "<group>"; };
		CE4022A82B71600300FB727C /* WorldNewsViewModel.swift */ = {isa = PBXFileReference; lastKnownFileType = sourcecode.swift; path = WorldNewsViewModel.swift; sourceTree = "<group>"; };
		CE425FF02B863BB400A0BDA6 /* DateFormatter+Extension.swift */ = {isa = PBXFileReference; lastKnownFileType = sourcecode.swift; path = "DateFormatter+Extension.swift"; sourceTree = "<group>"; };
		CE425FF62B8648FD00A0BDA6 /* CoreDataHelper.swift */ = {isa = PBXFileReference; lastKnownFileType = sourcecode.swift; path = CoreDataHelper.swift; sourceTree = "<group>"; };
		CE425FF82B86A38300A0BDA6 /* HomeCoordinator.swift */ = {isa = PBXFileReference; lastKnownFileType = sourcecode.swift; path = HomeCoordinator.swift; sourceTree = "<group>"; };
		CE425FFB2B86D81400A0BDA6 /* DetailsNewsViewController.swift */ = {isa = PBXFileReference; lastKnownFileType = sourcecode.swift; path = DetailsNewsViewController.swift; sourceTree = "<group>"; };
		CE425FFD2B86D84000A0BDA6 /* DetailsNewsView.swift */ = {isa = PBXFileReference; lastKnownFileType = sourcecode.swift; path = DetailsNewsView.swift; sourceTree = "<group>"; };
		CE4BC98D2B6A898300409725 /* INewsNow.app */ = {isa = PBXFileReference; explicitFileType = wrapper.application; includeInIndex = 0; path = INewsNow.app; sourceTree = BUILT_PRODUCTS_DIR; };
		CE4BC9902B6A898300409725 /* AppDelegate.swift */ = {isa = PBXFileReference; lastKnownFileType = sourcecode.swift; path = AppDelegate.swift; sourceTree = "<group>"; };
		CE4BC9922B6A898300409725 /* SceneDelegate.swift */ = {isa = PBXFileReference; lastKnownFileType = sourcecode.swift; path = SceneDelegate.swift; sourceTree = "<group>"; };
		CE4BC9942B6A898300409725 /* WorldNewsViewController.swift */ = {isa = PBXFileReference; lastKnownFileType = sourcecode.swift; path = WorldNewsViewController.swift; sourceTree = "<group>"; };
		CE4BC9992B6A898800409725 /* Assets.xcassets */ = {isa = PBXFileReference; lastKnownFileType = folder.assetcatalog; path = Assets.xcassets; sourceTree = "<group>"; };
		CE4BC99C2B6A898800409725 /* Base */ = {isa = PBXFileReference; lastKnownFileType = file.storyboard; name = Base; path = Base.lproj/LaunchScreen.storyboard; sourceTree = "<group>"; };
		CE4BC99E2B6A898800409725 /* Info.plist */ = {isa = PBXFileReference; lastKnownFileType = text.plist.xml; path = Info.plist; sourceTree = "<group>"; };
		CE4BC9A32B6A898900409725 /* INewsNowTests.xctest */ = {isa = PBXFileReference; explicitFileType = wrapper.cfbundle; includeInIndex = 0; path = INewsNowTests.xctest; sourceTree = BUILT_PRODUCTS_DIR; };
		CE4BC9A72B6A898900409725 /* INewsNowTests.swift */ = {isa = PBXFileReference; lastKnownFileType = sourcecode.swift; path = INewsNowTests.swift; sourceTree = "<group>"; };
		CE4BC9AD2B6A898900409725 /* INewsNowUITests.xctest */ = {isa = PBXFileReference; explicitFileType = wrapper.cfbundle; includeInIndex = 0; path = INewsNowUITests.xctest; sourceTree = BUILT_PRODUCTS_DIR; };
		CE4BC9B12B6A898900409725 /* INewsNowUITests.swift */ = {isa = PBXFileReference; lastKnownFileType = sourcecode.swift; path = INewsNowUITests.swift; sourceTree = "<group>"; };
		CE4BC9B32B6A898900409725 /* INewsNowUITestsLaunchTests.swift */ = {isa = PBXFileReference; lastKnownFileType = sourcecode.swift; path = INewsNowUITestsLaunchTests.swift; sourceTree = "<group>"; };
		CE4BC9C32B6A8B3800409725 /* WorldNewsFactory.swift */ = {isa = PBXFileReference; lastKnownFileType = sourcecode.swift; path = WorldNewsFactory.swift; sourceTree = "<group>"; };
		CE4BC9C52B6A8D0100409725 /* WorldNewsView.swift */ = {isa = PBXFileReference; lastKnownFileType = sourcecode.swift; path = WorldNewsView.swift; sourceTree = "<group>"; };
		CE4E9FFD2B7FB8A600B57802 /* FavoriteNewsViewController.swift */ = {isa = PBXFileReference; lastKnownFileType = sourcecode.swift; path = FavoriteNewsViewController.swift; sourceTree = "<group>"; };
		CE4E9FFF2B7FB8B100B57802 /* FavoriteNewsView.swift */ = {isa = PBXFileReference; lastKnownFileType = sourcecode.swift; path = FavoriteNewsView.swift; sourceTree = "<group>"; };
		CE4EA0012B7FBE4300B57802 /* FavoriteNewsFactory.swift */ = {isa = PBXFileReference; lastKnownFileType = sourcecode.swift; path = FavoriteNewsFactory.swift; sourceTree = "<group>"; };
		CE4EA0032B7FBE5300B57802 /* FavoriteNewsCoordinator.swift */ = {isa = PBXFileReference; lastKnownFileType = sourcecode.swift; path = FavoriteNewsCoordinator.swift; sourceTree = "<group>"; };
		CE4EA0062B7FC04800B57802 /* CustomFavoriteNewsTableViewCell.swift */ = {isa = PBXFileReference; lastKnownFileType = sourcecode.swift; path = CustomFavoriteNewsTableViewCell.swift; sourceTree = "<group>"; };
		CE4EA0082B7FC06C00B57802 /* CustomFavoriteNewsCell.swift */ = {isa = PBXFileReference; lastKnownFileType = sourcecode.swift; path = CustomFavoriteNewsCell.swift; sourceTree = "<group>"; };
		CE4EA00C2B7FC13D00B57802 /* Color+Extension.swift */ = {isa = PBXFileReference; lastKnownFileType = sourcecode.swift; path = "Color+Extension.swift"; sourceTree = "<group>"; };
		CE57511F2B83710000A34621 /* INewsNowDB.xcdatamodel */ = {isa = PBXFileReference; lastKnownFileType = wrapper.xcdatamodel; path = INewsNowDB.xcdatamodel; sourceTree = "<group>"; };
		CE57514A2B84130400A34621 /* FiatAndCryptocurrenciesViewController.swift */ = {isa = PBXFileReference; lastKnownFileType = sourcecode.swift; path = FiatAndCryptocurrenciesViewController.swift; sourceTree = "<group>"; };
		CE57514C2B84131400A34621 /* FiatAndCryptocurrenciesView.swift */ = {isa = PBXFileReference; lastKnownFileType = sourcecode.swift; path = FiatAndCryptocurrenciesView.swift; sourceTree = "<group>"; };
		CE57514F2B8529CF00A34621 /* HomeViewController.swift */ = {isa = PBXFileReference; lastKnownFileType = sourcecode.swift; path = HomeViewController.swift; sourceTree = "<group>"; };
		CE5751512B8529DF00A34621 /* HomeView.swift */ = {isa = PBXFileReference; lastKnownFileType = sourcecode.swift; path = HomeView.swift; sourceTree = "<group>"; };
		CE5751542B852B5A00A34621 /* CustomNewsBrazilTableViewCell.swift */ = {isa = PBXFileReference; lastKnownFileType = sourcecode.swift; path = CustomNewsBrazilTableViewCell.swift; sourceTree = "<group>"; };
		CE5751562B852B6A00A34621 /* CustomNewsBrazilCell.swift */ = {isa = PBXFileReference; lastKnownFileType = sourcecode.swift; path = CustomNewsBrazilCell.swift; sourceTree = "<group>"; };
		CE5751582B85591E00A34621 /* NewsBrazilDataIOService.swift */ = {isa = PBXFileReference; lastKnownFileType = sourcecode.swift; path = NewsBrazilDataIOService.swift; sourceTree = "<group>"; };
		CE57515A2B855AE800A34621 /* NewsBrazilModel.swift */ = {isa = PBXFileReference; lastKnownFileType = sourcecode.swift; path = NewsBrazilModel.swift; sourceTree = "<group>"; };
		CE57515C2B85728F00A34621 /* HomeViewModel.swift */ = {isa = PBXFileReference; lastKnownFileType = sourcecode.swift; path = HomeViewModel.swift; sourceTree = "<group>"; };
		CE57515E2B85734A00A34621 /* HomeFactory.swift */ = {isa = PBXFileReference; lastKnownFileType = sourcecode.swift; path = HomeFactory.swift; sourceTree = "<group>"; };
		CE5A49302B878AC0006D0702 /* DetailsNewsFactory.swift */ = {isa = PBXFileReference; lastKnownFileType = sourcecode.swift; path = DetailsNewsFactory.swift; sourceTree = "<group>"; };
		CE5A49322B879598006D0702 /* DetailsNewsViewModel.swift */ = {isa = PBXFileReference; lastKnownFileType = sourcecode.swift; path = DetailsNewsViewModel.swift; sourceTree = "<group>"; };
		CE5A49342B87C145006D0702 /* FavoriteNewsViewModel.swift */ = {isa = PBXFileReference; lastKnownFileType = sourcecode.swift; path = FavoriteNewsViewModel.swift; sourceTree = "<group>"; };
		CE86C22A2B920CD100921390 /* WeatherViewController.swift */ = {isa = PBXFileReference; lastKnownFileType = sourcecode.swift; path = WeatherViewController.swift; sourceTree = "<group>"; };
		CE86C22C2B920CDE00921390 /* WeatherFactory.swift */ = {isa = PBXFileReference; lastKnownFileType = sourcecode.swift; path = WeatherFactory.swift; sourceTree = "<group>"; };
		CE86C22E2B920CF200921390 /* WeatherView.swift */ = {isa = PBXFileReference; lastKnownFileType = sourcecode.swift; path = WeatherView.swift; sourceTree = "<group>"; };
		CE86C2322B922DC700921390 /* DailyForecastTableViewCell.swift */ = {isa = PBXFileReference; lastKnownFileType = sourcecode.swift; path = DailyForecastTableViewCell.swift; sourceTree = "<group>"; };
		CE86C2342B92301A00921390 /* DailyForecastCellView.swift */ = {isa = PBXFileReference; lastKnownFileType = sourcecode.swift; path = DailyForecastCellView.swift; sourceTree = "<group>"; };
		CE86C23A2B924C1200921390 /* WeatherViewModel.swift */ = {isa = PBXFileReference; lastKnownFileType = sourcecode.swift; path = WeatherViewModel.swift; sourceTree = "<group>"; };
		CE86C23C2B924E7400921390 /* ForecastResponseModel.swift */ = {isa = PBXFileReference; lastKnownFileType = sourcecode.swift; path = ForecastResponseModel.swift; sourceTree = "<group>"; };
		CE86C23E2B92506600921390 /* WeatherService.swift */ = {isa = PBXFileReference; lastKnownFileType = sourcecode.swift; path = WeatherService.swift; sourceTree = "<group>"; };
		CE86C2432B96255A00921390 /* Double+Extension.swift */ = {isa = PBXFileReference; lastKnownFileType = sourcecode.swift; path = "Double+Extension.swift"; sourceTree = "<group>"; };
		CED431012B7670ED005BE203 /* TabBarController.swift */ = {isa = PBXFileReference; lastKnownFileType = sourcecode.swift; path = TabBarController.swift; sourceTree = "<group>"; };
		CED431032B7673B7005BE203 /* TabBarCoordinator.swift */ = {isa = PBXFileReference; lastKnownFileType = sourcecode.swift; path = TabBarCoordinator.swift; sourceTree = "<group>"; };
		CED431052B7675CB005BE203 /* WorldNewsCoordinator.swift */ = {isa = PBXFileReference; lastKnownFileType = sourcecode.swift; path = WorldNewsCoordinator.swift; sourceTree = "<group>"; };
		CED431072B76BBAA005BE203 /* TabBarFactory.swift */ = {isa = PBXFileReference; lastKnownFileType = sourcecode.swift; path = TabBarFactory.swift; sourceTree = "<group>"; };
		D29B249EE59E915496306429 /* Pods-INewsNow-INewsNowUITests.release.xcconfig */ = {isa = PBXFileReference; includeInIndex = 1; lastKnownFileType = text.xcconfig; name = "Pods-INewsNow-INewsNowUITests.release.xcconfig"; path = "Target Support Files/Pods-INewsNow-INewsNowUITests/Pods-INewsNow-INewsNowUITests.release.xcconfig"; sourceTree = "<group>"; };
		D84635CC8FDFE4B3720C182E /* Pods_INewsNow_INewsNowUITests.framework */ = {isa = PBXFileReference; explicitFileType = wrapper.framework; includeInIndex = 0; path = Pods_INewsNow_INewsNowUITests.framework; sourceTree = BUILT_PRODUCTS_DIR; };
/* End PBXFileReference section */

/* Begin PBXFrameworksBuildPhase section */
		CE4BC98A2B6A898300409725 /* Frameworks */ = {
			isa = PBXFrameworksBuildPhase;
			buildActionMask = 2147483647;
			files = (
				CE4022AC2B7183C100FB727C /* Kingfisher in Frameworks */,
				A366369612B970BA428B9295 /* Pods_INewsNow.framework in Frameworks */,
			);
			runOnlyForDeploymentPostprocessing = 0;
		};
		CE4BC9A02B6A898900409725 /* Frameworks */ = {
			isa = PBXFrameworksBuildPhase;
			buildActionMask = 2147483647;
			files = (
				84AE3E0D9F3FE7FE6003CC00 /* Pods_INewsNowTests.framework in Frameworks */,
			);
			runOnlyForDeploymentPostprocessing = 0;
		};
		CE4BC9AA2B6A898900409725 /* Frameworks */ = {
			isa = PBXFrameworksBuildPhase;
			buildActionMask = 2147483647;
			files = (
				C2C8BB1F7C8B321986B2B132 /* Pods_INewsNow_INewsNowUITests.framework in Frameworks */,
			);
			runOnlyForDeploymentPostprocessing = 0;
		};
/* End PBXFrameworksBuildPhase section */

/* Begin PBXGroup section */
		2C00000784E02516DE8CA2F3 /* Pods */ = {
			isa = PBXGroup;
			children = (
				B3F12EBADC079755BA7E156A /* Pods-INewsNow.debug.xcconfig */,
				4D5AC8204A8B1C1BE2C0C780 /* Pods-INewsNow.release.xcconfig */,
				C7EAFC48D4839E6B3522DE28 /* Pods-INewsNow-INewsNowUITests.debug.xcconfig */,
				D29B249EE59E915496306429 /* Pods-INewsNow-INewsNowUITests.release.xcconfig */,
				0E40249D8A7F234B14FF1837 /* Pods-INewsNowTests.debug.xcconfig */,
				9E3D1886F78EAE13873FA27B /* Pods-INewsNowTests.release.xcconfig */,
			);
			path = Pods;
			sourceTree = "<group>";
		};
		AD4BBD6071ECBDF54D66A835 /* Frameworks */ = {
			isa = PBXGroup;
			children = (
				6CA01AE9D274CAA12FEC1AEF /* Pods_INewsNow.framework */,
				D84635CC8FDFE4B3720C182E /* Pods_INewsNow_INewsNowUITests.framework */,
				564BF426FEF134C344685B10 /* Pods_INewsNowTests.framework */,
			);
			name = Frameworks;
			sourceTree = "<group>";
		};
		CE1A3A902B6D392A000C0559 /* Protocols */ = {
			isa = PBXGroup;
			children = (
				CE1A3A912B6D394A000C0559 /* ViewProtocol.swift */,
			);
			path = Protocols;
			sourceTree = "<group>";
		};
		CE1A3A932B6D76F1000C0559 /* MainNewsCollectionView */ = {
			isa = PBXGroup;
			children = (
				CE1A3A992B6D7A01000C0559 /* CustomMainNewsCollectionViewCell.swift */,
				CE1A3A9B2B6D7E7E000C0559 /* CustomMainNewsCell.swift */,
			);
			path = MainNewsCollectionView;
			sourceTree = "<group>";
		};
		CE1A3A942B6D76FC000C0559 /* MostPopularNewsTableView */ = {
			isa = PBXGroup;
			children = (
				CE1A3A952B6D7816000C0559 /* CustomMostPopularPostsTableViewCell.swift */,
				CE1A3A972B6D7978000C0559 /* CustomMostPopularPostsCell.swift */,
			);
			path = MostPopularNewsTableView;
			sourceTree = "<group>";
		};
		CE40229F2B6E781100FB727C /* Service */ = {
			isa = PBXGroup;
			children = (
				CE4022A02B6E783C00FB727C /* NewYorkTimesService.swift */,
				CE5751582B85591E00A34621 /* NewsBrazilDataIOService.swift */,
				CE86C23E2B92506600921390 /* WeatherService.swift */,
			);
			path = Service;
			sourceTree = "<group>";
		};
		CE4022A32B6E80B700FB727C /* Models */ = {
			isa = PBXGroup;
			children = (
				CE4022A42B6E80D300FB727C /* MainNewsModel.swift */,
				CE4022A62B6E91DC00FB727C /* MostPopularNewsModel.swift */,
				CE57515A2B855AE800A34621 /* NewsBrazilModel.swift */,
				CE86C23C2B924E7400921390 /* ForecastResponseModel.swift */,
			);
			path = Models;
			sourceTree = "<group>";
		};
		CE425FEF2B863B9400A0BDA6 /* DateFormatter+ */ = {
			isa = PBXGroup;
			children = (
				CE425FF02B863BB400A0BDA6 /* DateFormatter+Extension.swift */,
			);
			path = "DateFormatter+";
			sourceTree = "<group>";
		};
		CE425FF52B8648E400A0BDA6 /* CoreDataHelper */ = {
			isa = PBXGroup;
			children = (
				CE425FF62B8648FD00A0BDA6 /* CoreDataHelper.swift */,
			);
			path = CoreDataHelper;
			sourceTree = "<group>";
		};
		CE425FFA2B86D7B300A0BDA6 /* DetailsNews */ = {
			isa = PBXGroup;
			children = (
				CE425FFB2B86D81400A0BDA6 /* DetailsNewsViewController.swift */,
				CE425FFD2B86D84000A0BDA6 /* DetailsNewsView.swift */,
				CE5A49302B878AC0006D0702 /* DetailsNewsFactory.swift */,
				CE5A49322B879598006D0702 /* DetailsNewsViewModel.swift */,
			);
			path = DetailsNews;
			sourceTree = "<group>";
		};
		CE4BC9842B6A898300409725 = {
			isa = PBXGroup;
			children = (
				CE4BC98F2B6A898300409725 /* INewsNow */,
				CE4BC9A62B6A898900409725 /* INewsNowTests */,
				CE4BC9B02B6A898900409725 /* INewsNowUITests */,
				CE4BC98E2B6A898300409725 /* Products */,
				2C00000784E02516DE8CA2F3 /* Pods */,
				AD4BBD6071ECBDF54D66A835 /* Frameworks */,
			);
			sourceTree = "<group>";
		};
		CE4BC98E2B6A898300409725 /* Products */ = {
			isa = PBXGroup;
			children = (
				CE4BC98D2B6A898300409725 /* INewsNow.app */,
				CE4BC9A32B6A898900409725 /* INewsNowTests.xctest */,
				CE4BC9AD2B6A898900409725 /* INewsNowUITests.xctest */,
			);
			name = Products;
			sourceTree = "<group>";
		};
		CE4BC98F2B6A898300409725 /* INewsNow */ = {
			isa = PBXGroup;
			children = (
				CE4BC9C02B6A8AD800409725 /* Source */,
				CE4BC9902B6A898300409725 /* AppDelegate.swift */,
				CE4BC9922B6A898300409725 /* SceneDelegate.swift */,
				CE4BC9992B6A898800409725 /* Assets.xcassets */,
				CE4BC99B2B6A898800409725 /* LaunchScreen.storyboard */,
				CE4BC99E2B6A898800409725 /* Info.plist */,
				CE57511E2B83710000A34621 /* INewsNowDB.xcdatamodeld */,
			);
			path = INewsNow;
			sourceTree = "<group>";
		};
		CE4BC9A62B6A898900409725 /* INewsNowTests */ = {
			isa = PBXGroup;
			children = (
				CE4BC9A72B6A898900409725 /* INewsNowTests.swift */,
			);
			path = INewsNowTests;
			sourceTree = "<group>";
		};
		CE4BC9B02B6A898900409725 /* INewsNowUITests */ = {
			isa = PBXGroup;
			children = (
				CE4BC9B12B6A898900409725 /* INewsNowUITests.swift */,
				CE4BC9B32B6A898900409725 /* INewsNowUITestsLaunchTests.swift */,
			);
			path = INewsNowUITests;
			sourceTree = "<group>";
		};
		CE4BC9C02B6A8AD800409725 /* Source */ = {
			isa = PBXGroup;
			children = (
				CE425FF52B8648E400A0BDA6 /* CoreDataHelper */,
				CE4EA00A2B7FC11300B57802 /* Extensions */,
				CED431002B7670CE005BE203 /* TabBar */,
				CE4022A32B6E80B700FB727C /* Models */,
				CE40229F2B6E781100FB727C /* Service */,
				CE1A3A902B6D392A000C0559 /* Protocols */,
				CE4BC9C12B6A8B0200409725 /* Controllers */,
			);
			path = Source;
			sourceTree = "<group>";
		};
		CE4BC9C12B6A8B0200409725 /* Controllers */ = {
			isa = PBXGroup;
			children = (
				CE86C2292B920C6400921390 /* Weather */,
				CE425FFA2B86D7B300A0BDA6 /* DetailsNews */,
				CE57514E2B84F76600A34621 /* Home */,
				CE5751492B8412C400A34621 /* FiatCryptocurrencies */,
				CE4E9FFC2B7FB88000B57802 /* FavoriteNews */,
				CE4BC9C22B6A8B0E00409725 /* WorldNews */,
			);
			path = Controllers;
			sourceTree = "<group>";
		};
		CE4BC9C22B6A8B0E00409725 /* WorldNews */ = {
			isa = PBXGroup;
			children = (
				CE1A3A942B6D76FC000C0559 /* MostPopularNewsTableView */,
				CE1A3A932B6D76F1000C0559 /* MainNewsCollectionView */,
				CE4BC9942B6A898300409725 /* WorldNewsViewController.swift */,
				CE4BC9C32B6A8B3800409725 /* WorldNewsFactory.swift */,
				CE4BC9C52B6A8D0100409725 /* WorldNewsView.swift */,
				CE4022A82B71600300FB727C /* WorldNewsViewModel.swift */,
				CED431052B7675CB005BE203 /* WorldNewsCoordinator.swift */,
			);
			path = WorldNews;
			sourceTree = "<group>";
		};
		CE4E9FFC2B7FB88000B57802 /* FavoriteNews */ = {
			isa = PBXGroup;
			children = (
				CE4EA0052B7FC02D00B57802 /* TableView */,
				CE4E9FFD2B7FB8A600B57802 /* FavoriteNewsViewController.swift */,
				CE5A49342B87C145006D0702 /* FavoriteNewsViewModel.swift */,
				CE4E9FFF2B7FB8B100B57802 /* FavoriteNewsView.swift */,
				CE4EA0012B7FBE4300B57802 /* FavoriteNewsFactory.swift */,
				CE4EA0032B7FBE5300B57802 /* FavoriteNewsCoordinator.swift */,
			);
			path = FavoriteNews;
			sourceTree = "<group>";
		};
		CE4EA0052B7FC02D00B57802 /* TableView */ = {
			isa = PBXGroup;
			children = (
				CE4EA0062B7FC04800B57802 /* CustomFavoriteNewsTableViewCell.swift */,
				CE4EA0082B7FC06C00B57802 /* CustomFavoriteNewsCell.swift */,
			);
			path = TableView;
			sourceTree = "<group>";
		};
		CE4EA00A2B7FC11300B57802 /* Extensions */ = {
			isa = PBXGroup;
			children = (
				CE86C2422B96253A00921390 /* Double */,
				CE425FEF2B863B9400A0BDA6 /* DateFormatter+ */,
				CE4EA00B2B7FC12500B57802 /* Color+ */,
			);
			path = Extensions;
			sourceTree = "<group>";
		};
		CE4EA00B2B7FC12500B57802 /* Color+ */ = {
			isa = PBXGroup;
			children = (
				CE4EA00C2B7FC13D00B57802 /* Color+Extension.swift */,
			);
			path = "Color+";
			sourceTree = "<group>";
		};
		CE5751492B8412C400A34621 /* FiatCryptocurrencies */ = {
			isa = PBXGroup;
			children = (
				CE57514A2B84130400A34621 /* FiatAndCryptocurrenciesViewController.swift */,
				CE57514C2B84131400A34621 /* FiatAndCryptocurrenciesView.swift */,
			);
			path = FiatCryptocurrencies;
			sourceTree = "<group>";
		};
		CE57514E2B84F76600A34621 /* Home */ = {
			isa = PBXGroup;
			children = (
				CE5751532B852B4000A34621 /* HomeNewsBrazilTableView */,
				CE57514F2B8529CF00A34621 /* HomeViewController.swift */,
				CE425FF82B86A38300A0BDA6 /* HomeCoordinator.swift */,
				CE5751512B8529DF00A34621 /* HomeView.swift */,
				CE57515C2B85728F00A34621 /* HomeViewModel.swift */,
				CE57515E2B85734A00A34621 /* HomeFactory.swift */,
			);
			path = Home;
			sourceTree = "<group>";
		};
		CE5751532B852B4000A34621 /* HomeNewsBrazilTableView */ = {
			isa = PBXGroup;
			children = (
				CE5751542B852B5A00A34621 /* CustomNewsBrazilTableViewCell.swift */,
				CE5751562B852B6A00A34621 /* CustomNewsBrazilCell.swift */,
			);
			path = HomeNewsBrazilTableView;
			sourceTree = "<group>";
		};
		CE86C2292B920C6400921390 /* Weather */ = {
			isa = PBXGroup;
			children = (
				CE86C2302B92297900921390 /* WeatherDailyForecastTableView */,
				CE86C22A2B920CD100921390 /* WeatherViewController.swift */,
				CE86C22C2B920CDE00921390 /* WeatherFactory.swift */,
				CE86C22E2B920CF200921390 /* WeatherView.swift */,
				CE86C23A2B924C1200921390 /* WeatherViewModel.swift */,
			);
			path = Weather;
			sourceTree = "<group>";
		};
		CE86C2302B92297900921390 /* WeatherDailyForecastTableView */ = {
			isa = PBXGroup;
			children = (
				CE86C2322B922DC700921390 /* DailyForecastTableViewCell.swift */,
				CE86C2342B92301A00921390 /* DailyForecastCellView.swift */,
			);
			path = WeatherDailyForecastTableView;
			sourceTree = "<group>";
		};
		CE86C2422B96253A00921390 /* Double */ = {
			isa = PBXGroup;
			children = (
				CE86C2432B96255A00921390 /* Double+Extension.swift */,
			);
			path = Double;
			sourceTree = "<group>";
		};
		CED431002B7670CE005BE203 /* TabBar */ = {
			isa = PBXGroup;
			children = (
				CED431012B7670ED005BE203 /* TabBarController.swift */,
				CED431032B7673B7005BE203 /* TabBarCoordinator.swift */,
				CED431072B76BBAA005BE203 /* TabBarFactory.swift */,
			);
			path = TabBar;
			sourceTree = "<group>";
		};
/* End PBXGroup section */

/* Begin PBXNativeTarget section */
		CE4BC98C2B6A898300409725 /* INewsNow */ = {
			isa = PBXNativeTarget;
			buildConfigurationList = CE4BC9B72B6A898900409725 /* Build configuration list for PBXNativeTarget "INewsNow" */;
			buildPhases = (
				C864403DC133F0EEA3FCC58D /* [CP] Check Pods Manifest.lock */,
				CE4BC9892B6A898300409725 /* Sources */,
				CE4BC98A2B6A898300409725 /* Frameworks */,
				CE4BC98B2B6A898300409725 /* Resources */,
				F61E014BE7ED93131C1F1B6C /* [CP] Embed Pods Frameworks */,
			);
			buildRules = (
			);
			dependencies = (
			);
			name = INewsNow;
			packageProductDependencies = (
				CE4022AB2B7183C100FB727C /* Kingfisher */,
			);
			productName = INewsNow;
			productReference = CE4BC98D2B6A898300409725 /* INewsNow.app */;
			productType = "com.apple.product-type.application";
		};
		CE4BC9A22B6A898900409725 /* INewsNowTests */ = {
			isa = PBXNativeTarget;
			buildConfigurationList = CE4BC9BA2B6A898900409725 /* Build configuration list for PBXNativeTarget "INewsNowTests" */;
			buildPhases = (
				9829224F149B527815299C17 /* [CP] Check Pods Manifest.lock */,
				CE4BC99F2B6A898900409725 /* Sources */,
				CE4BC9A02B6A898900409725 /* Frameworks */,
				CE4BC9A12B6A898900409725 /* Resources */,
			);
			buildRules = (
			);
			dependencies = (
				CE4BC9A52B6A898900409725 /* PBXTargetDependency */,
			);
			name = INewsNowTests;
			productName = INewsNowTests;
			productReference = CE4BC9A32B6A898900409725 /* INewsNowTests.xctest */;
			productType = "com.apple.product-type.bundle.unit-test";
		};
		CE4BC9AC2B6A898900409725 /* INewsNowUITests */ = {
			isa = PBXNativeTarget;
			buildConfigurationList = CE4BC9BD2B6A898900409725 /* Build configuration list for PBXNativeTarget "INewsNowUITests" */;
			buildPhases = (
				26CC458E6DD0D0162BCE6454 /* [CP] Check Pods Manifest.lock */,
				CE4BC9A92B6A898900409725 /* Sources */,
				CE4BC9AA2B6A898900409725 /* Frameworks */,
				CE4BC9AB2B6A898900409725 /* Resources */,
				39C0CF110E01A23E059BE44F /* [CP] Embed Pods Frameworks */,
			);
			buildRules = (
			);
			dependencies = (
				CE4BC9AF2B6A898900409725 /* PBXTargetDependency */,
			);
			name = INewsNowUITests;
			productName = INewsNowUITests;
			productReference = CE4BC9AD2B6A898900409725 /* INewsNowUITests.xctest */;
			productType = "com.apple.product-type.bundle.ui-testing";
		};
/* End PBXNativeTarget section */

/* Begin PBXProject section */
		CE4BC9852B6A898300409725 /* Project object */ = {
			isa = PBXProject;
			attributes = {
				BuildIndependentTargetsInParallel = 1;
				LastSwiftUpdateCheck = 1420;
				LastUpgradeCheck = 1420;
				TargetAttributes = {
					CE4BC98C2B6A898300409725 = {
						CreatedOnToolsVersion = 14.2;
					};
					CE4BC9A22B6A898900409725 = {
						CreatedOnToolsVersion = 14.2;
						TestTargetID = CE4BC98C2B6A898300409725;
					};
					CE4BC9AC2B6A898900409725 = {
						CreatedOnToolsVersion = 14.2;
						TestTargetID = CE4BC98C2B6A898300409725;
					};
				};
			};
			buildConfigurationList = CE4BC9882B6A898300409725 /* Build configuration list for PBXProject "INewsNow" */;
			compatibilityVersion = "Xcode 14.0";
			developmentRegion = en;
			hasScannedForEncodings = 0;
			knownRegions = (
				en,
				Base,
			);
			mainGroup = CE4BC9842B6A898300409725;
			packageReferences = (
				CE4022AA2B7183C100FB727C /* XCRemoteSwiftPackageReference "Kingfisher" */,
			);
			productRefGroup = CE4BC98E2B6A898300409725 /* Products */;
			projectDirPath = "";
			projectRoot = "";
			targets = (
				CE4BC98C2B6A898300409725 /* INewsNow */,
				CE4BC9A22B6A898900409725 /* INewsNowTests */,
				CE4BC9AC2B6A898900409725 /* INewsNowUITests */,
			);
		};
/* End PBXProject section */

/* Begin PBXResourcesBuildPhase section */
		CE4BC98B2B6A898300409725 /* Resources */ = {
			isa = PBXResourcesBuildPhase;
			buildActionMask = 2147483647;
			files = (
				CE4BC99D2B6A898800409725 /* LaunchScreen.storyboard in Resources */,
				CE4BC99A2B6A898800409725 /* Assets.xcassets in Resources */,
			);
			runOnlyForDeploymentPostprocessing = 0;
		};
		CE4BC9A12B6A898900409725 /* Resources */ = {
			isa = PBXResourcesBuildPhase;
			buildActionMask = 2147483647;
			files = (
			);
			runOnlyForDeploymentPostprocessing = 0;
		};
		CE4BC9AB2B6A898900409725 /* Resources */ = {
			isa = PBXResourcesBuildPhase;
			buildActionMask = 2147483647;
			files = (
			);
			runOnlyForDeploymentPostprocessing = 0;
		};
/* End PBXResourcesBuildPhase section */

/* Begin PBXShellScriptBuildPhase section */
		26CC458E6DD0D0162BCE6454 /* [CP] Check Pods Manifest.lock */ = {
			isa = PBXShellScriptBuildPhase;
			buildActionMask = 2147483647;
			files = (
			);
			inputFileListPaths = (
			);
			inputPaths = (
				"${PODS_PODFILE_DIR_PATH}/Podfile.lock",
				"${PODS_ROOT}/Manifest.lock",
			);
			name = "[CP] Check Pods Manifest.lock";
			outputFileListPaths = (
			);
			outputPaths = (
				"$(DERIVED_FILE_DIR)/Pods-INewsNow-INewsNowUITests-checkManifestLockResult.txt",
			);
			runOnlyForDeploymentPostprocessing = 0;
			shellPath = /bin/sh;
			shellScript = "diff \"${PODS_PODFILE_DIR_PATH}/Podfile.lock\" \"${PODS_ROOT}/Manifest.lock\" > /dev/null\nif [ $? != 0 ] ; then\n    # print error to STDERR\n    echo \"error: The sandbox is not in sync with the Podfile.lock. Run 'pod install' or update your CocoaPods installation.\" >&2\n    exit 1\nfi\n# This output is used by Xcode 'outputs' to avoid re-running this script phase.\necho \"SUCCESS\" > \"${SCRIPT_OUTPUT_FILE_0}\"\n";
			showEnvVarsInLog = 0;
		};
		39C0CF110E01A23E059BE44F /* [CP] Embed Pods Frameworks */ = {
			isa = PBXShellScriptBuildPhase;
			buildActionMask = 2147483647;
			files = (
			);
			inputFileListPaths = (
				"${PODS_ROOT}/Target Support Files/Pods-INewsNow-INewsNowUITests/Pods-INewsNow-INewsNowUITests-frameworks-${CONFIGURATION}-input-files.xcfilelist",
			);
			name = "[CP] Embed Pods Frameworks";
			outputFileListPaths = (
				"${PODS_ROOT}/Target Support Files/Pods-INewsNow-INewsNowUITests/Pods-INewsNow-INewsNowUITests-frameworks-${CONFIGURATION}-output-files.xcfilelist",
			);
			runOnlyForDeploymentPostprocessing = 0;
			shellPath = /bin/sh;
			shellScript = "\"${PODS_ROOT}/Target Support Files/Pods-INewsNow-INewsNowUITests/Pods-INewsNow-INewsNowUITests-frameworks.sh\"\n";
			showEnvVarsInLog = 0;
		};
		9829224F149B527815299C17 /* [CP] Check Pods Manifest.lock */ = {
			isa = PBXShellScriptBuildPhase;
			buildActionMask = 2147483647;
			files = (
			);
			inputFileListPaths = (
			);
			inputPaths = (
				"${PODS_PODFILE_DIR_PATH}/Podfile.lock",
				"${PODS_ROOT}/Manifest.lock",
			);
			name = "[CP] Check Pods Manifest.lock";
			outputFileListPaths = (
			);
			outputPaths = (
				"$(DERIVED_FILE_DIR)/Pods-INewsNowTests-checkManifestLockResult.txt",
			);
			runOnlyForDeploymentPostprocessing = 0;
			shellPath = /bin/sh;
			shellScript = "diff \"${PODS_PODFILE_DIR_PATH}/Podfile.lock\" \"${PODS_ROOT}/Manifest.lock\" > /dev/null\nif [ $? != 0 ] ; then\n    # print error to STDERR\n    echo \"error: The sandbox is not in sync with the Podfile.lock. Run 'pod install' or update your CocoaPods installation.\" >&2\n    exit 1\nfi\n# This output is used by Xcode 'outputs' to avoid re-running this script phase.\necho \"SUCCESS\" > \"${SCRIPT_OUTPUT_FILE_0}\"\n";
			showEnvVarsInLog = 0;
		};
		C864403DC133F0EEA3FCC58D /* [CP] Check Pods Manifest.lock */ = {
			isa = PBXShellScriptBuildPhase;
			buildActionMask = 2147483647;
			files = (
			);
			inputFileListPaths = (
			);
			inputPaths = (
				"${PODS_PODFILE_DIR_PATH}/Podfile.lock",
				"${PODS_ROOT}/Manifest.lock",
			);
			name = "[CP] Check Pods Manifest.lock";
			outputFileListPaths = (
			);
			outputPaths = (
				"$(DERIVED_FILE_DIR)/Pods-INewsNow-checkManifestLockResult.txt",
			);
			runOnlyForDeploymentPostprocessing = 0;
			shellPath = /bin/sh;
			shellScript = "diff \"${PODS_PODFILE_DIR_PATH}/Podfile.lock\" \"${PODS_ROOT}/Manifest.lock\" > /dev/null\nif [ $? != 0 ] ; then\n    # print error to STDERR\n    echo \"error: The sandbox is not in sync with the Podfile.lock. Run 'pod install' or update your CocoaPods installation.\" >&2\n    exit 1\nfi\n# This output is used by Xcode 'outputs' to avoid re-running this script phase.\necho \"SUCCESS\" > \"${SCRIPT_OUTPUT_FILE_0}\"\n";
			showEnvVarsInLog = 0;
		};
		F61E014BE7ED93131C1F1B6C /* [CP] Embed Pods Frameworks */ = {
			isa = PBXShellScriptBuildPhase;
			buildActionMask = 2147483647;
			files = (
			);
			inputFileListPaths = (
				"${PODS_ROOT}/Target Support Files/Pods-INewsNow/Pods-INewsNow-frameworks-${CONFIGURATION}-input-files.xcfilelist",
			);
			name = "[CP] Embed Pods Frameworks";
			outputFileListPaths = (
				"${PODS_ROOT}/Target Support Files/Pods-INewsNow/Pods-INewsNow-frameworks-${CONFIGURATION}-output-files.xcfilelist",
			);
			runOnlyForDeploymentPostprocessing = 0;
			shellPath = /bin/sh;
			shellScript = "\"${PODS_ROOT}/Target Support Files/Pods-INewsNow/Pods-INewsNow-frameworks.sh\"\n";
			showEnvVarsInLog = 0;
		};
/* End PBXShellScriptBuildPhase section */

/* Begin PBXSourcesBuildPhase section */
		CE4BC9892B6A898300409725 /* Sources */ = {
			isa = PBXSourcesBuildPhase;
			buildActionMask = 2147483647;
			files = (
				CE4022A12B6E783C00FB727C /* NewYorkTimesService.swift in Sources */,
				CE86C2352B92301A00921390 /* DailyForecastCellView.swift in Sources */,
				CE425FFE2B86D84000A0BDA6 /* DetailsNewsView.swift in Sources */,
				CE4BC9952B6A898300409725 /* WorldNewsViewController.swift in Sources */,
				CE57514D2B84131400A34621 /* FiatAndCryptocurrenciesView.swift in Sources */,
				CE5A49312B878AC0006D0702 /* DetailsNewsFactory.swift in Sources */,
				CE5751592B85591E00A34621 /* NewsBrazilDataIOService.swift in Sources */,
				CED431042B7673B7005BE203 /* TabBarCoordinator.swift in Sources */,
				CED431062B7675CB005BE203 /* WorldNewsCoordinator.swift in Sources */,
				CE1A3A962B6D7816000C0559 /* CustomMostPopularPostsTableViewCell.swift in Sources */,
				CE4E9FFE2B7FB8A600B57802 /* FavoriteNewsViewController.swift in Sources */,
				CE5751522B8529DF00A34621 /* HomeView.swift in Sources */,
				CE5A49352B87C145006D0702 /* FavoriteNewsViewModel.swift in Sources */,
				CE86C22D2B920CDE00921390 /* WeatherFactory.swift in Sources */,
				CE5A49332B879598006D0702 /* DetailsNewsViewModel.swift in Sources */,
				CE4EA00D2B7FC13D00B57802 /* Color+Extension.swift in Sources */,
				CE86C22B2B920CD100921390 /* WeatherViewController.swift in Sources */,
				CE57515F2B85734A00A34621 /* HomeFactory.swift in Sources */,
				CED431022B7670ED005BE203 /* TabBarController.swift in Sources */,
				CE1A3A9C2B6D7E7E000C0559 /* CustomMainNewsCell.swift in Sources */,
				CE1A3A982B6D7978000C0559 /* CustomMostPopularPostsCell.swift in Sources */,
				CE4BC9C42B6A8B3800409725 /* WorldNewsFactory.swift in Sources */,
				CE425FFC2B86D81400A0BDA6 /* DetailsNewsViewController.swift in Sources */,
				CE86C2332B922DC700921390 /* DailyForecastTableViewCell.swift in Sources */,
				CE1A3A9A2B6D7A01000C0559 /* CustomMainNewsCollectionViewCell.swift in Sources */,
				CE4BC9912B6A898300409725 /* AppDelegate.swift in Sources */,
				CE4022A72B6E91DC00FB727C /* MostPopularNewsModel.swift in Sources */,
				CE86C23F2B92506600921390 /* WeatherService.swift in Sources */,
				CE57515B2B855AE800A34621 /* NewsBrazilModel.swift in Sources */,
				CE5751552B852B5A00A34621 /* CustomNewsBrazilTableViewCell.swift in Sources */,
				CE86C23B2B924C1200921390 /* WeatherViewModel.swift in Sources */,
				CE4022A92B71600300FB727C /* WorldNewsViewModel.swift in Sources */,
				CE4EA0002B7FB8B100B57802 /* FavoriteNewsView.swift in Sources */,
				CE425FF92B86A38300A0BDA6 /* HomeCoordinator.swift in Sources */,
				CE5751202B83710000A34621 /* INewsNowDB.xcdatamodeld in Sources */,
				CE425FF72B8648FD00A0BDA6 /* CoreDataHelper.swift in Sources */,
				CE4EA0022B7FBE4300B57802 /* FavoriteNewsFactory.swift in Sources */,
				CE4BC9C62B6A8D0100409725 /* WorldNewsView.swift in Sources */,
				CE5751502B8529CF00A34621 /* HomeViewController.swift in Sources */,
				CE57514B2B84130400A34621 /* FiatAndCryptocurrenciesViewController.swift in Sources */,
				CE86C23D2B924E7400921390 /* ForecastResponseModel.swift in Sources */,
				CE425FF12B863BB400A0BDA6 /* DateFormatter+Extension.swift in Sources */,
				CE4022A52B6E80D300FB727C /* MainNewsModel.swift in Sources */,
				CE86C22F2B920CF200921390 /* WeatherView.swift in Sources */,
				CE1A3A922B6D394A000C0559 /* ViewProtocol.swift in Sources */,
				CE5751572B852B6A00A34621 /* CustomNewsBrazilCell.swift in Sources */,
				CED431082B76BBAA005BE203 /* TabBarFactory.swift in Sources */,
				CE4EA0072B7FC04800B57802 /* CustomFavoriteNewsTableViewCell.swift in Sources */,
				CE4BC9932B6A898300409725 /* SceneDelegate.swift in Sources */,
				CE86C2442B96255A00921390 /* Double+Extension.swift in Sources */,
				CE4EA0042B7FBE5300B57802 /* FavoriteNewsCoordinator.swift in Sources */,
				CE57515D2B85728F00A34621 /* HomeViewModel.swift in Sources */,
				CE4EA0092B7FC06C00B57802 /* CustomFavoriteNewsCell.swift in Sources */,
			);
			runOnlyForDeploymentPostprocessing = 0;
		};
		CE4BC99F2B6A898900409725 /* Sources */ = {
			isa = PBXSourcesBuildPhase;
			buildActionMask = 2147483647;
			files = (
				CE4BC9A82B6A898900409725 /* INewsNowTests.swift in Sources */,
			);
			runOnlyForDeploymentPostprocessing = 0;
		};
		CE4BC9A92B6A898900409725 /* Sources */ = {
			isa = PBXSourcesBuildPhase;
			buildActionMask = 2147483647;
			files = (
				CE4BC9B42B6A898900409725 /* INewsNowUITestsLaunchTests.swift in Sources */,
				CE4BC9B22B6A898900409725 /* INewsNowUITests.swift in Sources */,
			);
			runOnlyForDeploymentPostprocessing = 0;
		};
/* End PBXSourcesBuildPhase section */

/* Begin PBXTargetDependency section */
		CE4BC9A52B6A898900409725 /* PBXTargetDependency */ = {
			isa = PBXTargetDependency;
			target = CE4BC98C2B6A898300409725 /* INewsNow */;
			targetProxy = CE4BC9A42B6A898900409725 /* PBXContainerItemProxy */;
		};
		CE4BC9AF2B6A898900409725 /* PBXTargetDependency */ = {
			isa = PBXTargetDependency;
			target = CE4BC98C2B6A898300409725 /* INewsNow */;
			targetProxy = CE4BC9AE2B6A898900409725 /* PBXContainerItemProxy */;
		};
/* End PBXTargetDependency section */

/* Begin PBXVariantGroup section */
		CE4BC99B2B6A898800409725 /* LaunchScreen.storyboard */ = {
			isa = PBXVariantGroup;
			children = (
				CE4BC99C2B6A898800409725 /* Base */,
			);
			name = LaunchScreen.storyboard;
			sourceTree = "<group>";
		};
/* End PBXVariantGroup section */

/* Begin XCBuildConfiguration section */
		CE4BC9B52B6A898900409725 /* Debug */ = {
			isa = XCBuildConfiguration;
			buildSettings = {
				ALWAYS_SEARCH_USER_PATHS = NO;
				CLANG_ANALYZER_NONNULL = YES;
				CLANG_ANALYZER_NUMBER_OBJECT_CONVERSION = YES_AGGRESSIVE;
				CLANG_CXX_LANGUAGE_STANDARD = "gnu++20";
				CLANG_ENABLE_MODULES = YES;
				CLANG_ENABLE_OBJC_ARC = YES;
				CLANG_ENABLE_OBJC_WEAK = YES;
				CLANG_WARN_BLOCK_CAPTURE_AUTORELEASING = YES;
				CLANG_WARN_BOOL_CONVERSION = YES;
				CLANG_WARN_COMMA = YES;
				CLANG_WARN_CONSTANT_CONVERSION = YES;
				CLANG_WARN_DEPRECATED_OBJC_IMPLEMENTATIONS = YES;
				CLANG_WARN_DIRECT_OBJC_ISA_USAGE = YES_ERROR;
				CLANG_WARN_DOCUMENTATION_COMMENTS = YES;
				CLANG_WARN_EMPTY_BODY = YES;
				CLANG_WARN_ENUM_CONVERSION = YES;
				CLANG_WARN_INFINITE_RECURSION = YES;
				CLANG_WARN_INT_CONVERSION = YES;
				CLANG_WARN_NON_LITERAL_NULL_CONVERSION = YES;
				CLANG_WARN_OBJC_IMPLICIT_RETAIN_SELF = YES;
				CLANG_WARN_OBJC_LITERAL_CONVERSION = YES;
				CLANG_WARN_OBJC_ROOT_CLASS = YES_ERROR;
				CLANG_WARN_QUOTED_INCLUDE_IN_FRAMEWORK_HEADER = YES;
				CLANG_WARN_RANGE_LOOP_ANALYSIS = YES;
				CLANG_WARN_STRICT_PROTOTYPES = YES;
				CLANG_WARN_SUSPICIOUS_MOVE = YES;
				CLANG_WARN_UNGUARDED_AVAILABILITY = YES_AGGRESSIVE;
				CLANG_WARN_UNREACHABLE_CODE = YES;
				CLANG_WARN__DUPLICATE_METHOD_MATCH = YES;
				COPY_PHASE_STRIP = NO;
				DEBUG_INFORMATION_FORMAT = dwarf;
				ENABLE_STRICT_OBJC_MSGSEND = YES;
				ENABLE_TESTABILITY = YES;
				GCC_C_LANGUAGE_STANDARD = gnu11;
				GCC_DYNAMIC_NO_PIC = NO;
				GCC_NO_COMMON_BLOCKS = YES;
				GCC_OPTIMIZATION_LEVEL = 0;
				GCC_PREPROCESSOR_DEFINITIONS = (
					"DEBUG=1",
					"$(inherited)",
				);
				GCC_WARN_64_TO_32_BIT_CONVERSION = YES;
				GCC_WARN_ABOUT_RETURN_TYPE = YES_ERROR;
				GCC_WARN_UNDECLARED_SELECTOR = YES;
				GCC_WARN_UNINITIALIZED_AUTOS = YES_AGGRESSIVE;
				GCC_WARN_UNUSED_FUNCTION = YES;
				GCC_WARN_UNUSED_VARIABLE = YES;
				IPHONEOS_DEPLOYMENT_TARGET = 16.2;
				MTL_ENABLE_DEBUG_INFO = INCLUDE_SOURCE;
				MTL_FAST_MATH = YES;
				ONLY_ACTIVE_ARCH = YES;
				SDKROOT = iphoneos;
				SWIFT_ACTIVE_COMPILATION_CONDITIONS = DEBUG;
				SWIFT_OPTIMIZATION_LEVEL = "-Onone";
			};
			name = Debug;
		};
		CE4BC9B62B6A898900409725 /* Release */ = {
			isa = XCBuildConfiguration;
			buildSettings = {
				ALWAYS_SEARCH_USER_PATHS = NO;
				CLANG_ANALYZER_NONNULL = YES;
				CLANG_ANALYZER_NUMBER_OBJECT_CONVERSION = YES_AGGRESSIVE;
				CLANG_CXX_LANGUAGE_STANDARD = "gnu++20";
				CLANG_ENABLE_MODULES = YES;
				CLANG_ENABLE_OBJC_ARC = YES;
				CLANG_ENABLE_OBJC_WEAK = YES;
				CLANG_WARN_BLOCK_CAPTURE_AUTORELEASING = YES;
				CLANG_WARN_BOOL_CONVERSION = YES;
				CLANG_WARN_COMMA = YES;
				CLANG_WARN_CONSTANT_CONVERSION = YES;
				CLANG_WARN_DEPRECATED_OBJC_IMPLEMENTATIONS = YES;
				CLANG_WARN_DIRECT_OBJC_ISA_USAGE = YES_ERROR;
				CLANG_WARN_DOCUMENTATION_COMMENTS = YES;
				CLANG_WARN_EMPTY_BODY = YES;
				CLANG_WARN_ENUM_CONVERSION = YES;
				CLANG_WARN_INFINITE_RECURSION = YES;
				CLANG_WARN_INT_CONVERSION = YES;
				CLANG_WARN_NON_LITERAL_NULL_CONVERSION = YES;
				CLANG_WARN_OBJC_IMPLICIT_RETAIN_SELF = YES;
				CLANG_WARN_OBJC_LITERAL_CONVERSION = YES;
				CLANG_WARN_OBJC_ROOT_CLASS = YES_ERROR;
				CLANG_WARN_QUOTED_INCLUDE_IN_FRAMEWORK_HEADER = YES;
				CLANG_WARN_RANGE_LOOP_ANALYSIS = YES;
				CLANG_WARN_STRICT_PROTOTYPES = YES;
				CLANG_WARN_SUSPICIOUS_MOVE = YES;
				CLANG_WARN_UNGUARDED_AVAILABILITY = YES_AGGRESSIVE;
				CLANG_WARN_UNREACHABLE_CODE = YES;
				CLANG_WARN__DUPLICATE_METHOD_MATCH = YES;
				COPY_PHASE_STRIP = NO;
				DEBUG_INFORMATION_FORMAT = "dwarf-with-dsym";
				ENABLE_NS_ASSERTIONS = NO;
				ENABLE_STRICT_OBJC_MSGSEND = YES;
				GCC_C_LANGUAGE_STANDARD = gnu11;
				GCC_NO_COMMON_BLOCKS = YES;
				GCC_WARN_64_TO_32_BIT_CONVERSION = YES;
				GCC_WARN_ABOUT_RETURN_TYPE = YES_ERROR;
				GCC_WARN_UNDECLARED_SELECTOR = YES;
				GCC_WARN_UNINITIALIZED_AUTOS = YES_AGGRESSIVE;
				GCC_WARN_UNUSED_FUNCTION = YES;
				GCC_WARN_UNUSED_VARIABLE = YES;
				IPHONEOS_DEPLOYMENT_TARGET = 16.2;
				MTL_ENABLE_DEBUG_INFO = NO;
				MTL_FAST_MATH = YES;
				SDKROOT = iphoneos;
				SWIFT_COMPILATION_MODE = wholemodule;
				SWIFT_OPTIMIZATION_LEVEL = "-O";
				VALIDATE_PRODUCT = YES;
			};
			name = Release;
		};
		CE4BC9B82B6A898900409725 /* Debug */ = {
			isa = XCBuildConfiguration;
			baseConfigurationReference = B3F12EBADC079755BA7E156A /* Pods-INewsNow.debug.xcconfig */;
			buildSettings = {
				ASSETCATALOG_COMPILER_APPICON_NAME = AppIcon;
				ASSETCATALOG_COMPILER_GLOBAL_ACCENT_COLOR_NAME = AccentColor;
				CODE_SIGN_STYLE = Automatic;
				CURRENT_PROJECT_VERSION = 1;
				DEVELOPMENT_TEAM = 96BGR9J6TU;
				GENERATE_INFOPLIST_FILE = YES;
				INFOPLIST_FILE = INewsNow/Info.plist;
				INFOPLIST_KEY_UIApplicationSupportsIndirectInputEvents = YES;
				INFOPLIST_KEY_UILaunchStoryboardName = LaunchScreen;
				INFOPLIST_KEY_UIMainStoryboardFile = "";
				INFOPLIST_KEY_UISupportedInterfaceOrientations_iPad = "UIInterfaceOrientationPortrait UIInterfaceOrientationPortraitUpsideDown UIInterfaceOrientationLandscapeLeft UIInterfaceOrientationLandscapeRight";
				INFOPLIST_KEY_UISupportedInterfaceOrientations_iPhone = "UIInterfaceOrientationPortrait UIInterfaceOrientationLandscapeLeft UIInterfaceOrientationLandscapeRight";
				LD_RUNPATH_SEARCH_PATHS = (
					"$(inherited)",
					"@executable_path/Frameworks",
				);
				MARKETING_VERSION = 1.0;
				PRODUCT_BUNDLE_IDENTIFIER = com.pedroroca.INewsNow;
				PRODUCT_NAME = "$(TARGET_NAME)";
				SWIFT_EMIT_LOC_STRINGS = YES;
				SWIFT_VERSION = 5.0;
				TARGETED_DEVICE_FAMILY = "1,2";
			};
			name = Debug;
		};
		CE4BC9B92B6A898900409725 /* Release */ = {
			isa = XCBuildConfiguration;
			baseConfigurationReference = 4D5AC8204A8B1C1BE2C0C780 /* Pods-INewsNow.release.xcconfig */;
			buildSettings = {
				ASSETCATALOG_COMPILER_APPICON_NAME = AppIcon;
				ASSETCATALOG_COMPILER_GLOBAL_ACCENT_COLOR_NAME = AccentColor;
				CODE_SIGN_STYLE = Automatic;
				CURRENT_PROJECT_VERSION = 1;
				DEVELOPMENT_TEAM = 96BGR9J6TU;
				GENERATE_INFOPLIST_FILE = YES;
				INFOPLIST_FILE = INewsNow/Info.plist;
				INFOPLIST_KEY_UIApplicationSupportsIndirectInputEvents = YES;
				INFOPLIST_KEY_UILaunchStoryboardName = LaunchScreen;
				INFOPLIST_KEY_UIMainStoryboardFile = "";
				INFOPLIST_KEY_UISupportedInterfaceOrientations_iPad = "UIInterfaceOrientationPortrait UIInterfaceOrientationPortraitUpsideDown UIInterfaceOrientationLandscapeLeft UIInterfaceOrientationLandscapeRight";
				INFOPLIST_KEY_UISupportedInterfaceOrientations_iPhone = "UIInterfaceOrientationPortrait UIInterfaceOrientationLandscapeLeft UIInterfaceOrientationLandscapeRight";
				LD_RUNPATH_SEARCH_PATHS = (
					"$(inherited)",
					"@executable_path/Frameworks",
				);
				MARKETING_VERSION = 1.0;
				PRODUCT_BUNDLE_IDENTIFIER = com.pedroroca.INewsNow;
				PRODUCT_NAME = "$(TARGET_NAME)";
				SWIFT_EMIT_LOC_STRINGS = YES;
				SWIFT_VERSION = 5.0;
				TARGETED_DEVICE_FAMILY = "1,2";
			};
			name = Release;
		};
		CE4BC9BB2B6A898900409725 /* Debug */ = {
			isa = XCBuildConfiguration;
			baseConfigurationReference = 0E40249D8A7F234B14FF1837 /* Pods-INewsNowTests.debug.xcconfig */;
			buildSettings = {
				ALWAYS_EMBED_SWIFT_STANDARD_LIBRARIES = YES;
				BUNDLE_LOADER = "$(TEST_HOST)";
				CODE_SIGN_STYLE = Automatic;
				CURRENT_PROJECT_VERSION = 1;
				DEVELOPMENT_TEAM = 96BGR9J6TU;
				GENERATE_INFOPLIST_FILE = YES;
				IPHONEOS_DEPLOYMENT_TARGET = 16.2;
				MARKETING_VERSION = 1.0;
				PRODUCT_BUNDLE_IDENTIFIER = com.pedroroca.INewsNowTests;
				PRODUCT_NAME = "$(TARGET_NAME)";
				SWIFT_EMIT_LOC_STRINGS = NO;
				SWIFT_VERSION = 5.0;
				TARGETED_DEVICE_FAMILY = "1,2";
				TEST_HOST = "$(BUILT_PRODUCTS_DIR)/INewsNow.app/$(BUNDLE_EXECUTABLE_FOLDER_PATH)/INewsNow";
			};
			name = Debug;
		};
		CE4BC9BC2B6A898900409725 /* Release */ = {
			isa = XCBuildConfiguration;
			baseConfigurationReference = 9E3D1886F78EAE13873FA27B /* Pods-INewsNowTests.release.xcconfig */;
			buildSettings = {
				ALWAYS_EMBED_SWIFT_STANDARD_LIBRARIES = YES;
				BUNDLE_LOADER = "$(TEST_HOST)";
				CODE_SIGN_STYLE = Automatic;
				CURRENT_PROJECT_VERSION = 1;
				DEVELOPMENT_TEAM = 96BGR9J6TU;
				GENERATE_INFOPLIST_FILE = YES;
				IPHONEOS_DEPLOYMENT_TARGET = 16.2;
				MARKETING_VERSION = 1.0;
				PRODUCT_BUNDLE_IDENTIFIER = com.pedroroca.INewsNowTests;
				PRODUCT_NAME = "$(TARGET_NAME)";
				SWIFT_EMIT_LOC_STRINGS = NO;
				SWIFT_VERSION = 5.0;
				TARGETED_DEVICE_FAMILY = "1,2";
				TEST_HOST = "$(BUILT_PRODUCTS_DIR)/INewsNow.app/$(BUNDLE_EXECUTABLE_FOLDER_PATH)/INewsNow";
			};
			name = Release;
		};
		CE4BC9BE2B6A898900409725 /* Debug */ = {
			isa = XCBuildConfiguration;
			baseConfigurationReference = C7EAFC48D4839E6B3522DE28 /* Pods-INewsNow-INewsNowUITests.debug.xcconfig */;
			buildSettings = {
				ALWAYS_EMBED_SWIFT_STANDARD_LIBRARIES = YES;
				CODE_SIGN_STYLE = Automatic;
				CURRENT_PROJECT_VERSION = 1;
				DEVELOPMENT_TEAM = 96BGR9J6TU;
				GENERATE_INFOPLIST_FILE = YES;
				MARKETING_VERSION = 1.0;
				PRODUCT_BUNDLE_IDENTIFIER = com.pedroroca.INewsNowUITests;
				PRODUCT_NAME = "$(TARGET_NAME)";
				SWIFT_EMIT_LOC_STRINGS = NO;
				SWIFT_VERSION = 5.0;
				TARGETED_DEVICE_FAMILY = "1,2";
				TEST_TARGET_NAME = INewsNow;
			};
			name = Debug;
		};
		CE4BC9BF2B6A898900409725 /* Release */ = {
			isa = XCBuildConfiguration;
			baseConfigurationReference = D29B249EE59E915496306429 /* Pods-INewsNow-INewsNowUITests.release.xcconfig */;
			buildSettings = {
				ALWAYS_EMBED_SWIFT_STANDARD_LIBRARIES = YES;
				CODE_SIGN_STYLE = Automatic;
				CURRENT_PROJECT_VERSION = 1;
				DEVELOPMENT_TEAM = 96BGR9J6TU;
				GENERATE_INFOPLIST_FILE = YES;
				MARKETING_VERSION = 1.0;
				PRODUCT_BUNDLE_IDENTIFIER = com.pedroroca.INewsNowUITests;
				PRODUCT_NAME = "$(TARGET_NAME)";
				SWIFT_EMIT_LOC_STRINGS = NO;
				SWIFT_VERSION = 5.0;
				TARGETED_DEVICE_FAMILY = "1,2";
				TEST_TARGET_NAME = INewsNow;
			};
			name = Release;
		};
/* End XCBuildConfiguration section */

/* Begin XCConfigurationList section */
		CE4BC9882B6A898300409725 /* Build configuration list for PBXProject "INewsNow" */ = {
			isa = XCConfigurationList;
			buildConfigurations = (
				CE4BC9B52B6A898900409725 /* Debug */,
				CE4BC9B62B6A898900409725 /* Release */,
			);
			defaultConfigurationIsVisible = 0;
			defaultConfigurationName = Release;
		};
		CE4BC9B72B6A898900409725 /* Build configuration list for PBXNativeTarget "INewsNow" */ = {
			isa = XCConfigurationList;
			buildConfigurations = (
				CE4BC9B82B6A898900409725 /* Debug */,
				CE4BC9B92B6A898900409725 /* Release */,
			);
			defaultConfigurationIsVisible = 0;
			defaultConfigurationName = Release;
		};
		CE4BC9BA2B6A898900409725 /* Build configuration list for PBXNativeTarget "INewsNowTests" */ = {
			isa = XCConfigurationList;
			buildConfigurations = (
				CE4BC9BB2B6A898900409725 /* Debug */,
				CE4BC9BC2B6A898900409725 /* Release */,
			);
			defaultConfigurationIsVisible = 0;
			defaultConfigurationName = Release;
		};
		CE4BC9BD2B6A898900409725 /* Build configuration list for PBXNativeTarget "INewsNowUITests" */ = {
			isa = XCConfigurationList;
			buildConfigurations = (
				CE4BC9BE2B6A898900409725 /* Debug */,
				CE4BC9BF2B6A898900409725 /* Release */,
			);
			defaultConfigurationIsVisible = 0;
			defaultConfigurationName = Release;
		};
/* End XCConfigurationList section */

/* Begin XCRemoteSwiftPackageReference section */
		CE4022AA2B7183C100FB727C /* XCRemoteSwiftPackageReference "Kingfisher" */ = {
			isa = XCRemoteSwiftPackageReference;
			repositoryURL = "https://github.com/onevcat/Kingfisher.git";
			requirement = {
				branch = master;
				kind = branch;
			};
		};
/* End XCRemoteSwiftPackageReference section */

/* Begin XCSwiftPackageProductDependency section */
		CE4022AB2B7183C100FB727C /* Kingfisher */ = {
			isa = XCSwiftPackageProductDependency;
			package = CE4022AA2B7183C100FB727C /* XCRemoteSwiftPackageReference "Kingfisher" */;
			productName = Kingfisher;
		};
/* End XCSwiftPackageProductDependency section */

/* Begin XCVersionGroup section */
		CE57511E2B83710000A34621 /* INewsNowDB.xcdatamodeld */ = {
			isa = XCVersionGroup;
			children = (
				CE57511F2B83710000A34621 /* INewsNowDB.xcdatamodel */,
			);
			currentVersion = CE57511F2B83710000A34621 /* INewsNowDB.xcdatamodel */;
			path = INewsNowDB.xcdatamodeld;
			sourceTree = "<group>";
			versionGroupType = wrapper.xcdatamodel;
		};
/* End XCVersionGroup section */
	};
	rootObject = CE4BC9852B6A898300409725 /* Project object */;
}
