// !$*UTF8*$!
{
	archiveVersion = 1;
	classes = {
	};
	objectVersion = 56;
	objects = {

/* Begin PBXBuildFile section */
		CE1A3A922B6D394A000C0559 /* ViewProtocol.swift in Sources */ = {isa = PBXBuildFile; fileRef = CE1A3A912B6D394A000C0559 /* ViewProtocol.swift */; };
		CE1A3A962B6D7816000C0559 /* CustomMostPopularPostsTableViewCell.swift in Sources */ = {isa = PBXBuildFile; fileRef = CE1A3A952B6D7816000C0559 /* CustomMostPopularPostsTableViewCell.swift */; };
		CE1A3A982B6D7978000C0559 /* CustomMostPopularPostsCell.swift in Sources */ = {isa = PBXBuildFile; fileRef = CE1A3A972B6D7978000C0559 /* CustomMostPopularPostsCell.swift */; };
		CE1A3A9A2B6D7A01000C0559 /* CustomMainNewsCollectionViewCell.swift in Sources */ = {isa = PBXBuildFile; fileRef = CE1A3A992B6D7A01000C0559 /* CustomMainNewsCollectionViewCell.swift */; };
		CE1A3A9C2B6D7E7E000C0559 /* CustomMainNewsCell.swift in Sources */ = {isa = PBXBuildFile; fileRef = CE1A3A9B2B6D7E7E000C0559 /* CustomMainNewsCell.swift */; };
		CE2BE7AA2B7D537800F80D9F /* CustomTabBar.swift in Sources */ = {isa = PBXBuildFile; fileRef = CE2BE7A92B7D537800F80D9F /* CustomTabBar.swift */; };
		CE4022A12B6E783C00FB727C /* NewYorkTimesService.swift in Sources */ = {isa = PBXBuildFile; fileRef = CE4022A02B6E783C00FB727C /* NewYorkTimesService.swift */; };
		CE4022A52B6E80D300FB727C /* MainNewsModel.swift in Sources */ = {isa = PBXBuildFile; fileRef = CE4022A42B6E80D300FB727C /* MainNewsModel.swift */; };
		CE4022A72B6E91DC00FB727C /* MostPopularNewsModel.swift in Sources */ = {isa = PBXBuildFile; fileRef = CE4022A62B6E91DC00FB727C /* MostPopularNewsModel.swift */; };
		CE4022A92B71600300FB727C /* HomeViewModel.swift in Sources */ = {isa = PBXBuildFile; fileRef = CE4022A82B71600300FB727C /* HomeViewModel.swift */; };
		CE4022AC2B7183C100FB727C /* Kingfisher in Frameworks */ = {isa = PBXBuildFile; productRef = CE4022AB2B7183C100FB727C /* Kingfisher */; };
		CE4BC9912B6A898300409725 /* AppDelegate.swift in Sources */ = {isa = PBXBuildFile; fileRef = CE4BC9902B6A898300409725 /* AppDelegate.swift */; };
		CE4BC9932B6A898300409725 /* SceneDelegate.swift in Sources */ = {isa = PBXBuildFile; fileRef = CE4BC9922B6A898300409725 /* SceneDelegate.swift */; };
		CE4BC9952B6A898300409725 /* HomeViewController.swift in Sources */ = {isa = PBXBuildFile; fileRef = CE4BC9942B6A898300409725 /* HomeViewController.swift */; };
		CE4BC99A2B6A898800409725 /* Assets.xcassets in Resources */ = {isa = PBXBuildFile; fileRef = CE4BC9992B6A898800409725 /* Assets.xcassets */; };
		CE4BC99D2B6A898800409725 /* LaunchScreen.storyboard in Resources */ = {isa = PBXBuildFile; fileRef = CE4BC99B2B6A898800409725 /* LaunchScreen.storyboard */; };
		CE4BC9A82B6A898900409725 /* INewsNowTests.swift in Sources */ = {isa = PBXBuildFile; fileRef = CE4BC9A72B6A898900409725 /* INewsNowTests.swift */; };
		CE4BC9B22B6A898900409725 /* INewsNowUITests.swift in Sources */ = {isa = PBXBuildFile; fileRef = CE4BC9B12B6A898900409725 /* INewsNowUITests.swift */; };
		CE4BC9B42B6A898900409725 /* INewsNowUITestsLaunchTests.swift in Sources */ = {isa = PBXBuildFile; fileRef = CE4BC9B32B6A898900409725 /* INewsNowUITestsLaunchTests.swift */; };
		CE4BC9C42B6A8B3800409725 /* HomeFactory.swift in Sources */ = {isa = PBXBuildFile; fileRef = CE4BC9C32B6A8B3800409725 /* HomeFactory.swift */; };
		CE4BC9C62B6A8D0100409725 /* HomeView.swift in Sources */ = {isa = PBXBuildFile; fileRef = CE4BC9C52B6A8D0100409725 /* HomeView.swift */; };
		CED431022B7670ED005BE203 /* TabBarController.swift in Sources */ = {isa = PBXBuildFile; fileRef = CED431012B7670ED005BE203 /* TabBarController.swift */; };
		CED431042B7673B7005BE203 /* TabBarCoordinator.swift in Sources */ = {isa = PBXBuildFile; fileRef = CED431032B7673B7005BE203 /* TabBarCoordinator.swift */; };
		CED431062B7675CB005BE203 /* HomeCoordinator.swift in Sources */ = {isa = PBXBuildFile; fileRef = CED431052B7675CB005BE203 /* HomeCoordinator.swift */; };
		CED431082B76BBAA005BE203 /* TabBarFactory.swift in Sources */ = {isa = PBXBuildFile; fileRef = CED431072B76BBAA005BE203 /* TabBarFactory.swift */; };
/* End PBXBuildFile section */

/* Begin PBXContainerItemProxy section */
		CE4BC9A42B6A898900409725 /* PBXContainerItemProxy */ = {
			isa = PBXContainerItemProxy;
			containerPortal = CE4BC9852B6A898300409725 /* Project object */;
			proxyType = 1;
			remoteGlobalIDString = CE4BC98C2B6A898300409725;
			remoteInfo = INewsNow;
		};
		CE4BC9AE2B6A898900409725 /* PBXContainerItemProxy */ = {
			isa = PBXContainerItemProxy;
			containerPortal = CE4BC9852B6A898300409725 /* Project object */;
			proxyType = 1;
			remoteGlobalIDString = CE4BC98C2B6A898300409725;
			remoteInfo = INewsNow;
		};
/* End PBXContainerItemProxy section */

/* Begin PBXFileReference section */
		CE1A3A912B6D394A000C0559 /* ViewProtocol.swift */ = {isa = PBXFileReference; lastKnownFileType = sourcecode.swift; path = ViewProtocol.swift; sourceTree = "<group>"; };
		CE1A3A952B6D7816000C0559 /* CustomMostPopularPostsTableViewCell.swift */ = {isa = PBXFileReference; lastKnownFileType = sourcecode.swift; path = CustomMostPopularPostsTableViewCell.swift; sourceTree = "<group>"; };
		CE1A3A972B6D7978000C0559 /* CustomMostPopularPostsCell.swift */ = {isa = PBXFileReference; lastKnownFileType = sourcecode.swift; path = CustomMostPopularPostsCell.swift; sourceTree = "<group>"; };
		CE1A3A992B6D7A01000C0559 /* CustomMainNewsCollectionViewCell.swift */ = {isa = PBXFileReference; lastKnownFileType = sourcecode.swift; path = CustomMainNewsCollectionViewCell.swift; sourceTree = "<group>"; };
		CE1A3A9B2B6D7E7E000C0559 /* CustomMainNewsCell.swift */ = {isa = PBXFileReference; lastKnownFileType = sourcecode.swift; path = CustomMainNewsCell.swift; sourceTree = "<group>"; };
		CE2BE7A92B7D537800F80D9F /* CustomTabBar.swift */ = {isa = PBXFileReference; lastKnownFileType = sourcecode.swift; path = CustomTabBar.swift; sourceTree = "<group>"; };
		CE4022A02B6E783C00FB727C /* NewYorkTimesService.swift */ = {isa = PBXFileReference; lastKnownFileType = sourcecode.swift; path = NewYorkTimesService.swift; sourceTree = "<group>"; };
		CE4022A42B6E80D300FB727C /* MainNewsModel.swift */ = {isa = PBXFileReference; lastKnownFileType = sourcecode.swift; path = MainNewsModel.swift; sourceTree = "<group>"; };
		CE4022A62B6E91DC00FB727C /* MostPopularNewsModel.swift */ = {isa = PBXFileReference; lastKnownFileType = sourcecode.swift; path = MostPopularNewsModel.swift; sourceTree = "<group>"; };
		CE4022A82B71600300FB727C /* HomeViewModel.swift */ = {isa = PBXFileReference; lastKnownFileType = sourcecode.swift; path = HomeViewModel.swift; sourceTree = "<group>"; };
		CE4BC98D2B6A898300409725 /* INewsNow.app */ = {isa = PBXFileReference; explicitFileType = wrapper.application; includeInIndex = 0; path = INewsNow.app; sourceTree = BUILT_PRODUCTS_DIR; };
		CE4BC9902B6A898300409725 /* AppDelegate.swift */ = {isa = PBXFileReference; lastKnownFileType = sourcecode.swift; path = AppDelegate.swift; sourceTree = "<group>"; };
		CE4BC9922B6A898300409725 /* SceneDelegate.swift */ = {isa = PBXFileReference; lastKnownFileType = sourcecode.swift; path = SceneDelegate.swift; sourceTree = "<group>"; };
		CE4BC9942B6A898300409725 /* HomeViewController.swift */ = {isa = PBXFileReference; lastKnownFileType = sourcecode.swift; path = HomeViewController.swift; sourceTree = "<group>"; };
		CE4BC9992B6A898800409725 /* Assets.xcassets */ = {isa = PBXFileReference; lastKnownFileType = folder.assetcatalog; path = Assets.xcassets; sourceTree = "<group>"; };
		CE4BC99C2B6A898800409725 /* Base */ = {isa = PBXFileReference; lastKnownFileType = file.storyboard; name = Base; path = Base.lproj/LaunchScreen.storyboard; sourceTree = "<group>"; };
		CE4BC99E2B6A898800409725 /* Info.plist */ = {isa = PBXFileReference; lastKnownFileType = text.plist.xml; path = Info.plist; sourceTree = "<group>"; };
		CE4BC9A32B6A898900409725 /* INewsNowTests.xctest */ = {isa = PBXFileReference; explicitFileType = wrapper.cfbundle; includeInIndex = 0; path = INewsNowTests.xctest; sourceTree = BUILT_PRODUCTS_DIR; };
		CE4BC9A72B6A898900409725 /* INewsNowTests.swift */ = {isa = PBXFileReference; lastKnownFileType = sourcecode.swift; path = INewsNowTests.swift; sourceTree = "<group>"; };
		CE4BC9AD2B6A898900409725 /* INewsNowUITests.xctest */ = {isa = PBXFileReference; explicitFileType = wrapper.cfbundle; includeInIndex = 0; path = INewsNowUITests.xctest; sourceTree = BUILT_PRODUCTS_DIR; };
		CE4BC9B12B6A898900409725 /* INewsNowUITests.swift */ = {isa = PBXFileReference; lastKnownFileType = sourcecode.swift; path = INewsNowUITests.swift; sourceTree = "<group>"; };
		CE4BC9B32B6A898900409725 /* INewsNowUITestsLaunchTests.swift */ = {isa = PBXFileReference; lastKnownFileType = sourcecode.swift; path = INewsNowUITestsLaunchTests.swift; sourceTree = "<group>"; };
		CE4BC9C32B6A8B3800409725 /* HomeFactory.swift */ = {isa = PBXFileReference; lastKnownFileType = sourcecode.swift; path = HomeFactory.swift; sourceTree = "<group>"; };
		CE4BC9C52B6A8D0100409725 /* HomeView.swift */ = {isa = PBXFileReference; lastKnownFileType = sourcecode.swift; path = HomeView.swift; sourceTree = "<group>"; };
		CED431012B7670ED005BE203 /* TabBarController.swift */ = {isa = PBXFileReference; lastKnownFileType = sourcecode.swift; path = TabBarController.swift; sourceTree = "<group>"; };
		CED431032B7673B7005BE203 /* TabBarCoordinator.swift */ = {isa = PBXFileReference; lastKnownFileType = sourcecode.swift; path = TabBarCoordinator.swift; sourceTree = "<group>"; };
		CED431052B7675CB005BE203 /* HomeCoordinator.swift */ = {isa = PBXFileReference; lastKnownFileType = sourcecode.swift; path = HomeCoordinator.swift; sourceTree = "<group>"; };
		CED431072B76BBAA005BE203 /* TabBarFactory.swift */ = {isa = PBXFileReference; lastKnownFileType = sourcecode.swift; path = TabBarFactory.swift; sourceTree = "<group>"; };
/* End PBXFileReference section */

/* Begin PBXFrameworksBuildPhase section */
		CE4BC98A2B6A898300409725 /* Frameworks */ = {
			isa = PBXFrameworksBuildPhase;
			buildActionMask = 2147483647;
			files = (
				CE4022AC2B7183C100FB727C /* Kingfisher in Frameworks */,
			);
			runOnlyForDeploymentPostprocessing = 0;
		};
		CE4BC9A02B6A898900409725 /* Frameworks */ = {
			isa = PBXFrameworksBuildPhase;
			buildActionMask = 2147483647;
			files = (
			);
			runOnlyForDeploymentPostprocessing = 0;
		};
		CE4BC9AA2B6A898900409725 /* Frameworks */ = {
			isa = PBXFrameworksBuildPhase;
			buildActionMask = 2147483647;
			files = (
			);
			runOnlyForDeploymentPostprocessing = 0;
		};
/* End PBXFrameworksBuildPhase section */

/* Begin PBXGroup section */
		CE1A3A902B6D392A000C0559 /* Protocols */ = {
			isa = PBXGroup;
			children = (
				CE1A3A912B6D394A000C0559 /* ViewProtocol.swift */,
			);
			path = Protocols;
			sourceTree = "<group>";
		};
		CE1A3A932B6D76F1000C0559 /* CollectionView */ = {
			isa = PBXGroup;
			children = (
				CE1A3A992B6D7A01000C0559 /* CustomMainNewsCollectionViewCell.swift */,
				CE1A3A9B2B6D7E7E000C0559 /* CustomMainNewsCell.swift */,
			);
			path = CollectionView;
			sourceTree = "<group>";
		};
		CE1A3A942B6D76FC000C0559 /* TableView */ = {
			isa = PBXGroup;
			children = (
				CE1A3A952B6D7816000C0559 /* CustomMostPopularPostsTableViewCell.swift */,
				CE1A3A972B6D7978000C0559 /* CustomMostPopularPostsCell.swift */,
			);
			path = TableView;
			sourceTree = "<group>";
		};
		CE40229F2B6E781100FB727C /* Service */ = {
			isa = PBXGroup;
			children = (
				CE4022A02B6E783C00FB727C /* NewYorkTimesService.swift */,
			);
			path = Service;
			sourceTree = "<group>";
		};
		CE4022A32B6E80B700FB727C /* Models */ = {
			isa = PBXGroup;
			children = (
				CE4022A42B6E80D300FB727C /* MainNewsModel.swift */,
				CE4022A62B6E91DC00FB727C /* MostPopularNewsModel.swift */,
			);
			path = Models;
			sourceTree = "<group>";
		};
		CE4BC9842B6A898300409725 = {
			isa = PBXGroup;
			children = (
				CE4BC98F2B6A898300409725 /* INewsNow */,
				CE4BC9A62B6A898900409725 /* INewsNowTests */,
				CE4BC9B02B6A898900409725 /* INewsNowUITests */,
				CE4BC98E2B6A898300409725 /* Products */,
			);
			sourceTree = "<group>";
		};
		CE4BC98E2B6A898300409725 /* Products */ = {
			isa = PBXGroup;
			children = (
				CE4BC98D2B6A898300409725 /* INewsNow.app */,
				CE4BC9A32B6A898900409725 /* INewsNowTests.xctest */,
				CE4BC9AD2B6A898900409725 /* INewsNowUITests.xctest */,
			);
			name = Products;
			sourceTree = "<group>";
		};
		CE4BC98F2B6A898300409725 /* INewsNow */ = {
			isa = PBXGroup;
			children = (
				CE4BC9C02B6A8AD800409725 /* Source */,
				CE4BC9902B6A898300409725 /* AppDelegate.swift */,
				CE4BC9922B6A898300409725 /* SceneDelegate.swift */,
				CE4BC9992B6A898800409725 /* Assets.xcassets */,
				CE4BC99B2B6A898800409725 /* LaunchScreen.storyboard */,
				CE4BC99E2B6A898800409725 /* Info.plist */,
			);
			path = INewsNow;
			sourceTree = "<group>";
		};
		CE4BC9A62B6A898900409725 /* INewsNowTests */ = {
			isa = PBXGroup;
			children = (
				CE4BC9A72B6A898900409725 /* INewsNowTests.swift */,
			);
			path = INewsNowTests;
			sourceTree = "<group>";
		};
		CE4BC9B02B6A898900409725 /* INewsNowUITests */ = {
			isa = PBXGroup;
			children = (
				CE4BC9B12B6A898900409725 /* INewsNowUITests.swift */,
				CE4BC9B32B6A898900409725 /* INewsNowUITestsLaunchTests.swift */,
			);
			path = INewsNowUITests;
			sourceTree = "<group>";
		};
		CE4BC9C02B6A8AD800409725 /* Source */ = {
			isa = PBXGroup;
			children = (
				CED431002B7670CE005BE203 /* TabBar */,
				CE4022A32B6E80B700FB727C /* Models */,
				CE40229F2B6E781100FB727C /* Service */,
				CE1A3A902B6D392A000C0559 /* Protocols */,
				CE4BC9C12B6A8B0200409725 /* Controllers */,
			);
			path = Source;
			sourceTree = "<group>";
		};
		CE4BC9C12B6A8B0200409725 /* Controllers */ = {
			isa = PBXGroup;
			children = (
				CE4BC9C22B6A8B0E00409725 /* Home */,
			);
			path = Controllers;
			sourceTree = "<group>";
		};
		CE4BC9C22B6A8B0E00409725 /* Home */ = {
			isa = PBXGroup;
			children = (
				CE1A3A942B6D76FC000C0559 /* TableView */,
				CE1A3A932B6D76F1000C0559 /* CollectionView */,
				CE4BC9942B6A898300409725 /* HomeViewController.swift */,
				CE4BC9C32B6A8B3800409725 /* HomeFactory.swift */,
				CE4BC9C52B6A8D0100409725 /* HomeView.swift */,
				CE4022A82B71600300FB727C /* HomeViewModel.swift */,
				CED431052B7675CB005BE203 /* HomeCoordinator.swift */,
			);
			path = Home;
			sourceTree = "<group>";
		};
		CED431002B7670CE005BE203 /* TabBar */ = {
			isa = PBXGroup;
			children = (
				CED431012B7670ED005BE203 /* TabBarController.swift */,
				CED431032B7673B7005BE203 /* TabBarCoordinator.swift */,
				CED431072B76BBAA005BE203 /* TabBarFactory.swift */,
				CE2BE7A92B7D537800F80D9F /* CustomTabBar.swift */,
			);
			path = TabBar;
			sourceTree = "<group>";
		};
/* End PBXGroup section */

/* Begin PBXNativeTarget section */
		CE4BC98C2B6A898300409725 /* INewsNow */ = {
			isa = PBXNativeTarget;
			buildConfigurationList = CE4BC9B72B6A898900409725 /* Build configuration list for PBXNativeTarget "INewsNow" */;
			buildPhases = (
				CE4BC9892B6A898300409725 /* Sources */,
				CE4BC98A2B6A898300409725 /* Frameworks */,
				CE4BC98B2B6A898300409725 /* Resources */,
			);
			buildRules = (
			);
			dependencies = (
			);
			name = INewsNow;
			packageProductDependencies = (
				CE4022AB2B7183C100FB727C /* Kingfisher */,
			);
			productName = INewsNow;
			productReference = CE4BC98D2B6A898300409725 /* INewsNow.app */;
			productType = "com.apple.product-type.application";
		};
		CE4BC9A22B6A898900409725 /* INewsNowTests */ = {
			isa = PBXNativeTarget;
			buildConfigurationList = CE4BC9BA2B6A898900409725 /* Build configuration list for PBXNativeTarget "INewsNowTests" */;
			buildPhases = (
				CE4BC99F2B6A898900409725 /* Sources */,
				CE4BC9A02B6A898900409725 /* Frameworks */,
				CE4BC9A12B6A898900409725 /* Resources */,
			);
			buildRules = (
			);
			dependencies = (
				CE4BC9A52B6A898900409725 /* PBXTargetDependency */,
			);
			name = INewsNowTests;
			productName = INewsNowTests;
			productReference = CE4BC9A32B6A898900409725 /* INewsNowTests.xctest */;
			productType = "com.apple.product-type.bundle.unit-test";
		};
		CE4BC9AC2B6A898900409725 /* INewsNowUITests */ = {
			isa = PBXNativeTarget;
			buildConfigurationList = CE4BC9BD2B6A898900409725 /* Build configuration list for PBXNativeTarget "INewsNowUITests" */;
			buildPhases = (
				CE4BC9A92B6A898900409725 /* Sources */,
				CE4BC9AA2B6A898900409725 /* Frameworks */,
				CE4BC9AB2B6A898900409725 /* Resources */,
			);
			buildRules = (
			);
			dependencies = (
				CE4BC9AF2B6A898900409725 /* PBXTargetDependency */,
			);
			name = INewsNowUITests;
			productName = INewsNowUITests;
			productReference = CE4BC9AD2B6A898900409725 /* INewsNowUITests.xctest */;
			productType = "com.apple.product-type.bundle.ui-testing";
		};
/* End PBXNativeTarget section */

/* Begin PBXProject section */
		CE4BC9852B6A898300409725 /* Project object */ = {
			isa = PBXProject;
			attributes = {
				BuildIndependentTargetsInParallel = 1;
				LastSwiftUpdateCheck = 1420;
				LastUpgradeCheck = 1420;
				TargetAttributes = {
					CE4BC98C2B6A898300409725 = {
						CreatedOnToolsVersion = 14.2;
					};
					CE4BC9A22B6A898900409725 = {
						CreatedOnToolsVersion = 14.2;
						TestTargetID = CE4BC98C2B6A898300409725;
					};
					CE4BC9AC2B6A898900409725 = {
						CreatedOnToolsVersion = 14.2;
						TestTargetID = CE4BC98C2B6A898300409725;
					};
				};
			};
			buildConfigurationList = CE4BC9882B6A898300409725 /* Build configuration list for PBXProject "INewsNow" */;
			compatibilityVersion = "Xcode 14.0";
			developmentRegion = en;
			hasScannedForEncodings = 0;
			knownRegions = (
				en,
				Base,
			);
			mainGroup = CE4BC9842B6A898300409725;
			packageReferences = (
				CE4022AA2B7183C100FB727C /* XCRemoteSwiftPackageReference "Kingfisher" */,
			);
			productRefGroup = CE4BC98E2B6A898300409725 /* Products */;
			projectDirPath = "";
			projectRoot = "";
			targets = (
				CE4BC98C2B6A898300409725 /* INewsNow */,
				CE4BC9A22B6A898900409725 /* INewsNowTests */,
				CE4BC9AC2B6A898900409725 /* INewsNowUITests */,
			);
		};
/* End PBXProject section */

/* Begin PBXResourcesBuildPhase section */
		CE4BC98B2B6A898300409725 /* Resources */ = {
			isa = PBXResourcesBuildPhase;
			buildActionMask = 2147483647;
			files = (
				CE4BC99D2B6A898800409725 /* LaunchScreen.storyboard in Resources */,
				CE4BC99A2B6A898800409725 /* Assets.xcassets in Resources */,
			);
			runOnlyForDeploymentPostprocessing = 0;
		};
		CE4BC9A12B6A898900409725 /* Resources */ = {
			isa = PBXResourcesBuildPhase;
			buildActionMask = 2147483647;
			files = (
			);
			runOnlyForDeploymentPostprocessing = 0;
		};
		CE4BC9AB2B6A898900409725 /* Resources */ = {
			isa = PBXResourcesBuildPhase;
			buildActionMask = 2147483647;
			files = (
			);
			runOnlyForDeploymentPostprocessing = 0;
		};
/* End PBXResourcesBuildPhase section */

/* Begin PBXSourcesBuildPhase section */
		CE4BC9892B6A898300409725 /* Sources */ = {
			isa = PBXSourcesBuildPhase;
			buildActionMask = 2147483647;
			files = (
				CE4022A12B6E783C00FB727C /* NewYorkTimesService.swift in Sources */,
				CE4BC9952B6A898300409725 /* HomeViewController.swift in Sources */,
				CE2BE7AA2B7D537800F80D9F /* CustomTabBar.swift in Sources */,
				CED431042B7673B7005BE203 /* TabBarCoordinator.swift in Sources */,
				CED431062B7675CB005BE203 /* HomeCoordinator.swift in Sources */,
				CE1A3A962B6D7816000C0559 /* CustomMostPopularPostsTableViewCell.swift in Sources */,
				CED431022B7670ED005BE203 /* TabBarController.swift in Sources */,
				CE1A3A9C2B6D7E7E000C0559 /* CustomMainNewsCell.swift in Sources */,
				CE1A3A982B6D7978000C0559 /* CustomMostPopularPostsCell.swift in Sources */,
				CE4BC9C42B6A8B3800409725 /* HomeFactory.swift in Sources */,
				CE1A3A9A2B6D7A01000C0559 /* CustomMainNewsCollectionViewCell.swift in Sources */,
				CE4BC9912B6A898300409725 /* AppDelegate.swift in Sources */,
				CE4022A72B6E91DC00FB727C /* MostPopularNewsModel.swift in Sources */,
				CE4022A92B71600300FB727C /* HomeViewModel.swift in Sources */,
				CE4BC9C62B6A8D0100409725 /* HomeView.swift in Sources */,
				CE4022A52B6E80D300FB727C /* MainNewsModel.swift in Sources */,
				CE1A3A922B6D394A000C0559 /* ViewProtocol.swift in Sources */,
				CED431082B76BBAA005BE203 /* TabBarFactory.swift in Sources */,
				CE4BC9932B6A898300409725 /* SceneDelegate.swift in Sources */,
			);
			runOnlyForDeploymentPostprocessing = 0;
		};
		CE4BC99F2B6A898900409725 /* Sources */ = {
			isa = PBXSourcesBuildPhase;
			buildActionMask = 2147483647;
			files = (
				CE4BC9A82B6A898900409725 /* INewsNowTests.swift in Sources */,
			);
			runOnlyForDeploymentPostprocessing = 0;
		};
		CE4BC9A92B6A898900409725 /* Sources */ = {
			isa = PBXSourcesBuildPhase;
			buildActionMask = 2147483647;
			files = (
				CE4BC9B42B6A898900409725 /* INewsNowUITestsLaunchTests.swift in Sources */,
				CE4BC9B22B6A898900409725 /* INewsNowUITests.swift in Sources */,
			);
			runOnlyForDeploymentPostprocessing = 0;
		};
/* End PBXSourcesBuildPhase section */

/* Begin PBXTargetDependency section */
		CE4BC9A52B6A898900409725 /* PBXTargetDependency */ = {
			isa = PBXTargetDependency;
			target = CE4BC98C2B6A898300409725 /* INewsNow */;
			targetProxy = CE4BC9A42B6A898900409725 /* PBXContainerItemProxy */;
		};
		CE4BC9AF2B6A898900409725 /* PBXTargetDependency */ = {
			isa = PBXTargetDependency;
			target = CE4BC98C2B6A898300409725 /* INewsNow */;
			targetProxy = CE4BC9AE2B6A898900409725 /* PBXContainerItemProxy */;
		};
/* End PBXTargetDependency section */

/* Begin PBXVariantGroup section */
		CE4BC99B2B6A898800409725 /* LaunchScreen.storyboard */ = {
			isa = PBXVariantGroup;
			children = (
				CE4BC99C2B6A898800409725 /* Base */,
			);
			name = LaunchScreen.storyboard;
			sourceTree = "<group>";
		};
/* End PBXVariantGroup section */

/* Begin XCBuildConfiguration section */
		CE4BC9B52B6A898900409725 /* Debug */ = {
			isa = XCBuildConfiguration;
			buildSettings = {
				ALWAYS_SEARCH_USER_PATHS = NO;
				CLANG_ANALYZER_NONNULL = YES;
				CLANG_ANALYZER_NUMBER_OBJECT_CONVERSION = YES_AGGRESSIVE;
				CLANG_CXX_LANGUAGE_STANDARD = "gnu++20";
				CLANG_ENABLE_MODULES = YES;
				CLANG_ENABLE_OBJC_ARC = YES;
				CLANG_ENABLE_OBJC_WEAK = YES;
				CLANG_WARN_BLOCK_CAPTURE_AUTORELEASING = YES;
				CLANG_WARN_BOOL_CONVERSION = YES;
				CLANG_WARN_COMMA = YES;
				CLANG_WARN_CONSTANT_CONVERSION = YES;
				CLANG_WARN_DEPRECATED_OBJC_IMPLEMENTATIONS = YES;
				CLANG_WARN_DIRECT_OBJC_ISA_USAGE = YES_ERROR;
				CLANG_WARN_DOCUMENTATION_COMMENTS = YES;
				CLANG_WARN_EMPTY_BODY = YES;
				CLANG_WARN_ENUM_CONVERSION = YES;
				CLANG_WARN_INFINITE_RECURSION = YES;
				CLANG_WARN_INT_CONVERSION = YES;
				CLANG_WARN_NON_LITERAL_NULL_CONVERSION = YES;
				CLANG_WARN_OBJC_IMPLICIT_RETAIN_SELF = YES;
				CLANG_WARN_OBJC_LITERAL_CONVERSION = YES;
				CLANG_WARN_OBJC_ROOT_CLASS = YES_ERROR;
				CLANG_WARN_QUOTED_INCLUDE_IN_FRAMEWORK_HEADER = YES;
				CLANG_WARN_RANGE_LOOP_ANALYSIS = YES;
				CLANG_WARN_STRICT_PROTOTYPES = YES;
				CLANG_WARN_SUSPICIOUS_MOVE = YES;
				CLANG_WARN_UNGUARDED_AVAILABILITY = YES_AGGRESSIVE;
				CLANG_WARN_UNREACHABLE_CODE = YES;
				CLANG_WARN__DUPLICATE_METHOD_MATCH = YES;
				COPY_PHASE_STRIP = NO;
				DEBUG_INFORMATION_FORMAT = dwarf;
				ENABLE_STRICT_OBJC_MSGSEND = YES;
				ENABLE_TESTABILITY = YES;
				GCC_C_LANGUAGE_STANDARD = gnu11;
				GCC_DYNAMIC_NO_PIC = NO;
				GCC_NO_COMMON_BLOCKS = YES;
				GCC_OPTIMIZATION_LEVEL = 0;
				GCC_PREPROCESSOR_DEFINITIONS = (
					"DEBUG=1",
					"$(inherited)",
				);
				GCC_WARN_64_TO_32_BIT_CONVERSION = YES;
				GCC_WARN_ABOUT_RETURN_TYPE = YES_ERROR;
				GCC_WARN_UNDECLARED_SELECTOR = YES;
				GCC_WARN_UNINITIALIZED_AUTOS = YES_AGGRESSIVE;
				GCC_WARN_UNUSED_FUNCTION = YES;
				GCC_WARN_UNUSED_VARIABLE = YES;
				IPHONEOS_DEPLOYMENT_TARGET = 16.2;
				MTL_ENABLE_DEBUG_INFO = INCLUDE_SOURCE;
				MTL_FAST_MATH = YES;
				ONLY_ACTIVE_ARCH = YES;
				SDKROOT = iphoneos;
				SWIFT_ACTIVE_COMPILATION_CONDITIONS = DEBUG;
				SWIFT_OPTIMIZATION_LEVEL = "-Onone";
			};
			name = Debug;
		};
		CE4BC9B62B6A898900409725 /* Release */ = {
			isa = XCBuildConfiguration;
			buildSettings = {
				ALWAYS_SEARCH_USER_PATHS = NO;
				CLANG_ANALYZER_NONNULL = YES;
				CLANG_ANALYZER_NUMBER_OBJECT_CONVERSION = YES_AGGRESSIVE;
				CLANG_CXX_LANGUAGE_STANDARD = "gnu++20";
				CLANG_ENABLE_MODULES = YES;
				CLANG_ENABLE_OBJC_ARC = YES;
				CLANG_ENABLE_OBJC_WEAK = YES;
				CLANG_WARN_BLOCK_CAPTURE_AUTORELEASING = YES;
				CLANG_WARN_BOOL_CONVERSION = YES;
				CLANG_WARN_COMMA = YES;
				CLANG_WARN_CONSTANT_CONVERSION = YES;
				CLANG_WARN_DEPRECATED_OBJC_IMPLEMENTATIONS = YES;
				CLANG_WARN_DIRECT_OBJC_ISA_USAGE = YES_ERROR;
				CLANG_WARN_DOCUMENTATION_COMMENTS = YES;
				CLANG_WARN_EMPTY_BODY = YES;
				CLANG_WARN_ENUM_CONVERSION = YES;
				CLANG_WARN_INFINITE_RECURSION = YES;
				CLANG_WARN_INT_CONVERSION = YES;
				CLANG_WARN_NON_LITERAL_NULL_CONVERSION = YES;
				CLANG_WARN_OBJC_IMPLICIT_RETAIN_SELF = YES;
				CLANG_WARN_OBJC_LITERAL_CONVERSION = YES;
				CLANG_WARN_OBJC_ROOT_CLASS = YES_ERROR;
				CLANG_WARN_QUOTED_INCLUDE_IN_FRAMEWORK_HEADER = YES;
				CLANG_WARN_RANGE_LOOP_ANALYSIS = YES;
				CLANG_WARN_STRICT_PROTOTYPES = YES;
				CLANG_WARN_SUSPICIOUS_MOVE = YES;
				CLANG_WARN_UNGUARDED_AVAILABILITY = YES_AGGRESSIVE;
				CLANG_WARN_UNREACHABLE_CODE = YES;
				CLANG_WARN__DUPLICATE_METHOD_MATCH = YES;
				COPY_PHASE_STRIP = NO;
				DEBUG_INFORMATION_FORMAT = "dwarf-with-dsym";
				ENABLE_NS_ASSERTIONS = NO;
				ENABLE_STRICT_OBJC_MSGSEND = YES;
				GCC_C_LANGUAGE_STANDARD = gnu11;
				GCC_NO_COMMON_BLOCKS = YES;
				GCC_WARN_64_TO_32_BIT_CONVERSION = YES;
				GCC_WARN_ABOUT_RETURN_TYPE = YES_ERROR;
				GCC_WARN_UNDECLARED_SELECTOR = YES;
				GCC_WARN_UNINITIALIZED_AUTOS = YES_AGGRESSIVE;
				GCC_WARN_UNUSED_FUNCTION = YES;
				GCC_WARN_UNUSED_VARIABLE = YES;
				IPHONEOS_DEPLOYMENT_TARGET = 16.2;
				MTL_ENABLE_DEBUG_INFO = NO;
				MTL_FAST_MATH = YES;
				SDKROOT = iphoneos;
				SWIFT_COMPILATION_MODE = wholemodule;
				SWIFT_OPTIMIZATION_LEVEL = "-O";
				VALIDATE_PRODUCT = YES;
			};
			name = Release;
		};
		CE4BC9B82B6A898900409725 /* Debug */ = {
			isa = XCBuildConfiguration;
			buildSettings = {
				ASSETCATALOG_COMPILER_APPICON_NAME = AppIcon;
				ASSETCATALOG_COMPILER_GLOBAL_ACCENT_COLOR_NAME = AccentColor;
				CODE_SIGN_STYLE = Automatic;
				CURRENT_PROJECT_VERSION = 1;
				DEVELOPMENT_TEAM = 96BGR9J6TU;
				GENERATE_INFOPLIST_FILE = YES;
				INFOPLIST_FILE = INewsNow/Info.plist;
				INFOPLIST_KEY_UIApplicationSupportsIndirectInputEvents = YES;
				INFOPLIST_KEY_UILaunchStoryboardName = LaunchScreen;
				INFOPLIST_KEY_UIMainStoryboardFile = "";
				INFOPLIST_KEY_UISupportedInterfaceOrientations_iPad = "UIInterfaceOrientationPortrait UIInterfaceOrientationPortraitUpsideDown UIInterfaceOrientationLandscapeLeft UIInterfaceOrientationLandscapeRight";
				INFOPLIST_KEY_UISupportedInterfaceOrientations_iPhone = "UIInterfaceOrientationPortrait UIInterfaceOrientationLandscapeLeft UIInterfaceOrientationLandscapeRight";
				LD_RUNPATH_SEARCH_PATHS = (
					"$(inherited)",
					"@executable_path/Frameworks",
				);
				MARKETING_VERSION = 1.0;
				PRODUCT_BUNDLE_IDENTIFIER = com.pedroroca.INewsNow;
				PRODUCT_NAME = "$(TARGET_NAME)";
				SWIFT_EMIT_LOC_STRINGS = YES;
				SWIFT_VERSION = 5.0;
				TARGETED_DEVICE_FAMILY = "1,2";
			};
			name = Debug;
		};
		CE4BC9B92B6A898900409725 /* Release */ = {
			isa = XCBuildConfiguration;
			buildSettings = {
				ASSETCATALOG_COMPILER_APPICON_NAME = AppIcon;
				ASSETCATALOG_COMPILER_GLOBAL_ACCENT_COLOR_NAME = AccentColor;
				CODE_SIGN_STYLE = Automatic;
				CURRENT_PROJECT_VERSION = 1;
				DEVELOPMENT_TEAM = 96BGR9J6TU;
				GENERATE_INFOPLIST_FILE = YES;
				INFOPLIST_FILE = INewsNow/Info.plist;
				INFOPLIST_KEY_UIApplicationSupportsIndirectInputEvents = YES;
				INFOPLIST_KEY_UILaunchStoryboardName = LaunchScreen;
				INFOPLIST_KEY_UIMainStoryboardFile = "";
				INFOPLIST_KEY_UISupportedInterfaceOrientations_iPad = "UIInterfaceOrientationPortrait UIInterfaceOrientationPortraitUpsideDown UIInterfaceOrientationLandscapeLeft UIInterfaceOrientationLandscapeRight";
				INFOPLIST_KEY_UISupportedInterfaceOrientations_iPhone = "UIInterfaceOrientationPortrait UIInterfaceOrientationLandscapeLeft UIInterfaceOrientationLandscapeRight";
				LD_RUNPATH_SEARCH_PATHS = (
					"$(inherited)",
					"@executable_path/Frameworks",
				);
				MARKETING_VERSION = 1.0;
				PRODUCT_BUNDLE_IDENTIFIER = com.pedroroca.INewsNow;
				PRODUCT_NAME = "$(TARGET_NAME)";
				SWIFT_EMIT_LOC_STRINGS = YES;
				SWIFT_VERSION = 5.0;
				TARGETED_DEVICE_FAMILY = "1,2";
			};
			name = Release;
		};
		CE4BC9BB2B6A898900409725 /* Debug */ = {
			isa = XCBuildConfiguration;
			buildSettings = {
				ALWAYS_EMBED_SWIFT_STANDARD_LIBRARIES = YES;
				BUNDLE_LOADER = "$(TEST_HOST)";
				CODE_SIGN_STYLE = Automatic;
				CURRENT_PROJECT_VERSION = 1;
				DEVELOPMENT_TEAM = 96BGR9J6TU;
				GENERATE_INFOPLIST_FILE = YES;
				IPHONEOS_DEPLOYMENT_TARGET = 16.2;
				MARKETING_VERSION = 1.0;
				PRODUCT_BUNDLE_IDENTIFIER = com.pedroroca.INewsNowTests;
				PRODUCT_NAME = "$(TARGET_NAME)";
				SWIFT_EMIT_LOC_STRINGS = NO;
				SWIFT_VERSION = 5.0;
				TARGETED_DEVICE_FAMILY = "1,2";
				TEST_HOST = "$(BUILT_PRODUCTS_DIR)/INewsNow.app/$(BUNDLE_EXECUTABLE_FOLDER_PATH)/INewsNow";
			};
			name = Debug;
		};
		CE4BC9BC2B6A898900409725 /* Release */ = {
			isa = XCBuildConfiguration;
			buildSettings = {
				ALWAYS_EMBED_SWIFT_STANDARD_LIBRARIES = YES;
				BUNDLE_LOADER = "$(TEST_HOST)";
				CODE_SIGN_STYLE = Automatic;
				CURRENT_PROJECT_VERSION = 1;
				DEVELOPMENT_TEAM = 96BGR9J6TU;
				GENERATE_INFOPLIST_FILE = YES;
				IPHONEOS_DEPLOYMENT_TARGET = 16.2;
				MARKETING_VERSION = 1.0;
				PRODUCT_BUNDLE_IDENTIFIER = com.pedroroca.INewsNowTests;
				PRODUCT_NAME = "$(TARGET_NAME)";
				SWIFT_EMIT_LOC_STRINGS = NO;
				SWIFT_VERSION = 5.0;
				TARGETED_DEVICE_FAMILY = "1,2";
				TEST_HOST = "$(BUILT_PRODUCTS_DIR)/INewsNow.app/$(BUNDLE_EXECUTABLE_FOLDER_PATH)/INewsNow";
			};
			name = Release;
		};
		CE4BC9BE2B6A898900409725 /* Debug */ = {
			isa = XCBuildConfiguration;
			buildSettings = {
				ALWAYS_EMBED_SWIFT_STANDARD_LIBRARIES = YES;
				CODE_SIGN_STYLE = Automatic;
				CURRENT_PROJECT_VERSION = 1;
				DEVELOPMENT_TEAM = 96BGR9J6TU;
				GENERATE_INFOPLIST_FILE = YES;
				MARKETING_VERSION = 1.0;
				PRODUCT_BUNDLE_IDENTIFIER = com.pedroroca.INewsNowUITests;
				PRODUCT_NAME = "$(TARGET_NAME)";
				SWIFT_EMIT_LOC_STRINGS = NO;
				SWIFT_VERSION = 5.0;
				TARGETED_DEVICE_FAMILY = "1,2";
				TEST_TARGET_NAME = INewsNow;
			};
			name = Debug;
		};
		CE4BC9BF2B6A898900409725 /* Release */ = {
			isa = XCBuildConfiguration;
			buildSettings = {
				ALWAYS_EMBED_SWIFT_STANDARD_LIBRARIES = YES;
				CODE_SIGN_STYLE = Automatic;
				CURRENT_PROJECT_VERSION = 1;
				DEVELOPMENT_TEAM = 96BGR9J6TU;
				GENERATE_INFOPLIST_FILE = YES;
				MARKETING_VERSION = 1.0;
				PRODUCT_BUNDLE_IDENTIFIER = com.pedroroca.INewsNowUITests;
				PRODUCT_NAME = "$(TARGET_NAME)";
				SWIFT_EMIT_LOC_STRINGS = NO;
				SWIFT_VERSION = 5.0;
				TARGETED_DEVICE_FAMILY = "1,2";
				TEST_TARGET_NAME = INewsNow;
			};
			name = Release;
		};
/* End XCBuildConfiguration section */

/* Begin XCConfigurationList section */
		CE4BC9882B6A898300409725 /* Build configuration list for PBXProject "INewsNow" */ = {
			isa = XCConfigurationList;
			buildConfigurations = (
				CE4BC9B52B6A898900409725 /* Debug */,
				CE4BC9B62B6A898900409725 /* Release */,
			);
			defaultConfigurationIsVisible = 0;
			defaultConfigurationName = Release;
		};
		CE4BC9B72B6A898900409725 /* Build configuration list for PBXNativeTarget "INewsNow" */ = {
			isa = XCConfigurationList;
			buildConfigurations = (
				CE4BC9B82B6A898900409725 /* Debug */,
				CE4BC9B92B6A898900409725 /* Release */,
			);
			defaultConfigurationIsVisible = 0;
			defaultConfigurationName = Release;
		};
		CE4BC9BA2B6A898900409725 /* Build configuration list for PBXNativeTarget "INewsNowTests" */ = {
			isa = XCConfigurationList;
			buildConfigurations = (
				CE4BC9BB2B6A898900409725 /* Debug */,
				CE4BC9BC2B6A898900409725 /* Release */,
			);
			defaultConfigurationIsVisible = 0;
			defaultConfigurationName = Release;
		};
		CE4BC9BD2B6A898900409725 /* Build configuration list for PBXNativeTarget "INewsNowUITests" */ = {
			isa = XCConfigurationList;
			buildConfigurations = (
				CE4BC9BE2B6A898900409725 /* Debug */,
				CE4BC9BF2B6A898900409725 /* Release */,
			);
			defaultConfigurationIsVisible = 0;
			defaultConfigurationName = Release;
		};
/* End XCConfigurationList section */

/* Begin XCRemoteSwiftPackageReference section */
		CE4022AA2B7183C100FB727C /* XCRemoteSwiftPackageReference "Kingfisher" */ = {
			isa = XCRemoteSwiftPackageReference;
			repositoryURL = "https://github.com/onevcat/Kingfisher.git";
			requirement = {
				branch = master;
				kind = branch;
			};
		};
/* End XCRemoteSwiftPackageReference section */

/* Begin XCSwiftPackageProductDependency section */
		CE4022AB2B7183C100FB727C /* Kingfisher */ = {
			isa = XCSwiftPackageProductDependency;
			package = CE4022AA2B7183C100FB727C /* XCRemoteSwiftPackageReference "Kingfisher" */;
			productName = Kingfisher;
		};
/* End XCSwiftPackageProductDependency section */
	};
	rootObject = CE4BC9852B6A898300409725 /* Project object */;
}
